PODS:
  - Expecta (0.2.3)
  - GoogleAnalytics-iOS-SDK (3.0.6)
  - GoogleConversionTracking (3.0.0)
  - HockeySDK (3.5.1)
  - KIF (2.0.3)
  - Nocilla (0.8.0)
  - OCMock (2.2.2)
  - Specta (0.2.1)

DEPENDENCIES:
  - Expecta
  - GoogleAnalytics-iOS-SDK
  - GoogleConversionTracking
  - HockeySDK
  - KIF (from `Podspecs/Kif.podspec`)
  - Nocilla
  - OCMock
  - Specta

EXTERNAL SOURCES:
  KIF:
    :podspec: Podspecs/Kif.podspec

SPEC CHECKSUMS:
  Expecta: 2434bb2e2b3b1814280ec5d9a11359433d035975
  GoogleAnalytics-iOS-SDK: 16dfcc0c4491148bf372edc85a8470cc405ffb72
  GoogleConversionTracking: 10e556aa1908c56689fedd6033b378e9a80e8fce
  HockeySDK: 7dfbfa6cdbae199d66eef638e9682b93b00acb95
  KIF: d7094a64d90e0e8b9f88b9902b192fa22254a0d0
  Nocilla: 6cb913e67bb7b3ccb0858670d64fc3ead6cab81e
  OCMock: 233db993fabda22597349856ee3d3c6f4fcfa87f
  Specta: 2d06220591110c6d9757d8be8ecf8e63aa40dc2a

COCOAPODS: 0.32.1
