PODS:
  - CCMPopup (1.0.0)
  - Expecta (0.3.2)
  - KIF (2.0.3)
  - Nocilla (0.9.0)
  - OCMock (3.1.2)
  - Reachability (3.2)
  - Specta (0.3.2)
  - TAOverlay (2.0.1)

DEPENDENCIES:
  - CCMPopup
  - Expecta
  - KIF (from `Podspecs/Kif.podspec`)
  - Nocilla
  - OCMock
  - Reachability
  - Specta
  - TAOverlay

EXTERNAL SOURCES:
  KIF:
    :podspec: Podspecs/Kif.podspec

CHECKOUT OPTIONS:
  KIF:
    :commit: 8c55d41e8022877e1bb40bb0c8f3b34da588c001
    :git: https://github.com/BackForty/KIF.git

SPEC CHECKSUMS:
  CCMPopup: 698981d75a931ec5b40fe8cc1b85acb7d75c80ba
  Expecta: ee641011fe10aa1855d487b40e4976dac50ec342
  KIF: 25c0a730008377c6734f68d4fc3e3f462622127d
  Nocilla: 4d713c56e7357fd0cac0363854d4a58021ad3f41
  OCMock: ecdd510b73ef397f2f97274785c1e87fd147c49f
  Reachability: 1ef8adf5c4e3d362f96515d4278f68dad3c26930
  Specta: 698a58ffa5ec948327d3b92eab50ca58d7f4fbe8
  TAOverlay: 3bcc6ce26218526b6284e07451935d2d7ff0cd07

COCOAPODS: 0.36.0
