// !$*UTF8*$!
{
	archiveVersion = 1;
	classes = {
	};
	objectVersion = 46;
	objects = {

/* Begin PBXBuildFile section */
		8315E49B18C13F9B00DA935A /* OTScrollView.m in Sources */ = {isa = PBXBuildFile; fileRef = 8315E49A18C13F9B00DA935A /* OTScrollView.m */; };
		8315E49E18C521A800DA935A /* SessionSpec.m in Sources */ = {isa = PBXBuildFile; fileRef = 8315E49D18C521A800DA935A /* SessionSpec.m */; };
		8328B75718ABFD6D00DA7A5E /* TemperatureDayCell.xib in Resources */ = {isa = PBXBuildFile; fileRef = 8328B75618ABFD6D00DA7A5E /* TemperatureDayCell.xib */; };
		8328B75A18ABFD9400DA7A5E /* TemperatureDayCell.m in Sources */ = {isa = PBXBuildFile; fileRef = 8328B75918ABFD9400DA7A5E /* TemperatureDayCell.m */; };
		8328B75D18AC002800DA7A5E /* FluidDayCell.m in Sources */ = {isa = PBXBuildFile; fileRef = 8328B75C18AC002800DA7A5E /* FluidDayCell.m */; };
		8328B75F18AC003700DA7A5E /* FluidDayCell.xib in Resources */ = {isa = PBXBuildFile; fileRef = 8328B75E18AC003700DA7A5E /* FluidDayCell.xib */; };
		8328B76118AC004300DA7A5E /* IntercourseDayCell.xib in Resources */ = {isa = PBXBuildFile; fileRef = 8328B76018AC004300DA7A5E /* IntercourseDayCell.xib */; };
		8328B76318AC005A00DA7A5E /* SymptomsDayCell.xib in Resources */ = {isa = PBXBuildFile; fileRef = 8328B76218AC005A00DA7A5E /* SymptomsDayCell.xib */; };
		8328B76518AC006C00DA7A5E /* SupplementsDayCell.xib in Resources */ = {isa = PBXBuildFile; fileRef = 8328B76418AC006C00DA7A5E /* SupplementsDayCell.xib */; };
		8328B76718AC008700DA7A5E /* SignsDayCell.xib in Resources */ = {isa = PBXBuildFile; fileRef = 8328B76618AC008700DA7A5E /* SignsDayCell.xib */; };
		8328B76A18AC009C00DA7A5E /* IntercourseDayCell.m in Sources */ = {isa = PBXBuildFile; fileRef = 8328B76918AC009C00DA7A5E /* IntercourseDayCell.m */; };
		8328B76D18AC00A800DA7A5E /* SignsDayCell.m in Sources */ = {isa = PBXBuildFile; fileRef = 8328B76C18AC00A800DA7A5E /* SignsDayCell.m */; };
		8328B77018AC00B500DA7A5E /* SupplementsDayCell.m in Sources */ = {isa = PBXBuildFile; fileRef = 8328B76F18AC00B500DA7A5E /* SupplementsDayCell.m */; };
		8328B77318AC00CD00DA7A5E /* SymptomsDayCell.m in Sources */ = {isa = PBXBuildFile; fileRef = 8328B77218AC00CD00DA7A5E /* SymptomsDayCell.m */; };
		8328B77618AC034900DA7A5E /* DayCell.m in Sources */ = {isa = PBXBuildFile; fileRef = 8328B77518AC034900DA7A5E /* DayCell.m */; };
		832934C718B7D93200F6875B /* Amazing.png in Resources */ = {isa = PBXBuildFile; fileRef = 832934B918B7D93200F6875B /* Amazing.png */; };
		832934C818B7D93200F6875B /* Amazing@2x.png in Resources */ = {isa = PBXBuildFile; fileRef = 832934BA18B7D93200F6875B /* Amazing@2x.png */; };
		832934C918B7D93200F6875B /* Good.png in Resources */ = {isa = PBXBuildFile; fileRef = 832934BB18B7D93200F6875B /* Good.png */; };
		832934CA18B7D93200F6875B /* Good@2x.png in Resources */ = {isa = PBXBuildFile; fileRef = 832934BC18B7D93200F6875B /* Good@2x.png */; };
		832934CB18B7D93200F6875B /* Medicines.png in Resources */ = {isa = PBXBuildFile; fileRef = 832934BD18B7D93200F6875B /* Medicines.png */; };
		832934CC18B7D93200F6875B /* Medicines@2x.png in Resources */ = {isa = PBXBuildFile; fileRef = 832934BE18B7D93200F6875B /* Medicines@2x.png */; };
		832934CD18B7D93200F6875B /* Sad.png in Resources */ = {isa = PBXBuildFile; fileRef = 832934BF18B7D93200F6875B /* Sad.png */; };
		832934CE18B7D93200F6875B /* Sad@2x.png in Resources */ = {isa = PBXBuildFile; fileRef = 832934C018B7D93200F6875B /* Sad@2x.png */; };
		832934CF18B7D93200F6875B /* Supplements.png in Resources */ = {isa = PBXBuildFile; fileRef = 832934C118B7D93200F6875B /* Supplements.png */; };
		832934D018B7D93200F6875B /* Supplements@2x.png in Resources */ = {isa = PBXBuildFile; fileRef = 832934C218B7D93200F6875B /* Supplements@2x.png */; };
		832934D118B7D93200F6875B /* Symptoms.png in Resources */ = {isa = PBXBuildFile; fileRef = 832934C318B7D93200F6875B /* Symptoms.png */; };
		832934D218B7D93200F6875B /* Symptoms@2x.png in Resources */ = {isa = PBXBuildFile; fileRef = 832934C418B7D93200F6875B /* Symptoms@2x.png */; };
		832934D318B7D93200F6875B /* Worried.png in Resources */ = {isa = PBXBuildFile; fileRef = 832934C518B7D93200F6875B /* Worried.png */; };
		832934D418B7D93200F6875B /* Worried@2x.png in Resources */ = {isa = PBXBuildFile; fileRef = 832934C618B7D93200F6875B /* Worried@2x.png */; };
		8329353518B7F85B00F6875B /* Supplement.m in Sources */ = {isa = PBXBuildFile; fileRef = 8329353418B7F85B00F6875B /* Supplement.m */; };
		8329353818B7FD1700F6875B /* Medicine.m in Sources */ = {isa = PBXBuildFile; fileRef = 8329353718B7FD1700F6875B /* Medicine.m */; };
		8329353B18B7FD2600F6875B /* Symptom.m in Sources */ = {isa = PBXBuildFile; fileRef = 8329353A18B7FD2600F6875B /* Symptom.m */; };
		834BD63218AD1363003B6808 /* MoreStoryboard.storyboard in Resources */ = {isa = PBXBuildFile; fileRef = 834BD63118AD1363003B6808 /* MoreStoryboard.storyboard */; };
		834BD63518AD1519003B6808 /* MoreViewController.m in Sources */ = {isa = PBXBuildFile; fileRef = 834BD63418AD1519003B6808 /* MoreViewController.m */; };
		834BD63818AD164E003B6808 /* SessionController.m in Sources */ = {isa = PBXBuildFile; fileRef = 834BD63718AD164E003B6808 /* SessionController.m */; };
		834BD63B18AD29EA003B6808 /* Day.m in Sources */ = {isa = PBXBuildFile; fileRef = 834BD63A18AD29EA003B6808 /* Day.m */; };
		834BD63E18AD4B5B003B6808 /* NSDate+ShortDate.m in Sources */ = {isa = PBXBuildFile; fileRef = 834BD63D18AD4B5B003B6808 /* NSDate+ShortDate.m */; };
		834BD64118AD6590003B6808 /* DayToggleButton.m in Sources */ = {isa = PBXBuildFile; fileRef = 834BD64018AD6590003B6808 /* DayToggleButton.m */; };
		83548FF218BD24450016B53A /* TodaySpec.m in Sources */ = {isa = PBXBuildFile; fileRef = 83548FF118BD24450016B53A /* TodaySpec.m */; };
		835AE58618B7A36000FEAF98 /* CheckCell.m in Sources */ = {isa = PBXBuildFile; fileRef = 835AE58518B7A36000FEAF98 /* CheckCell.m */; };
		835AE58818B7A3B500FEAF98 /* CheckCell.xib in Resources */ = {isa = PBXBuildFile; fileRef = 835AE58718B7A3B500FEAF98 /* CheckCell.xib */; };
		835AE58B18B7A51700FEAF98 /* CheckBox.png in Resources */ = {isa = PBXBuildFile; fileRef = 835AE58918B7A51700FEAF98 /* CheckBox.png */; };
		835AE58C18B7A51700FEAF98 /* CheckBox@2x.png in Resources */ = {isa = PBXBuildFile; fileRef = 835AE58A18B7A51700FEAF98 /* CheckBox@2x.png */; };
		835BA2B318BBCB8300C64350 /* SharedRelation.m in Sources */ = {isa = PBXBuildFile; fileRef = 835BA2B218BBCB8300C64350 /* SharedRelation.m */; };
		835BA2B618BBDC0200C64350 /* UIAlertView+WithBlock.m in Sources */ = {isa = PBXBuildFile; fileRef = 835BA2B518BBDC0200C64350 /* UIAlertView+WithBlock.m */; };
		835BA2B918BBEFBF00C64350 /* +.png in Resources */ = {isa = PBXBuildFile; fileRef = 835BA2B718BBEFBF00C64350 /* +.png */; };
		835BA2BA18BBEFBF00C64350 /* +@2x.png in Resources */ = {isa = PBXBuildFile; fileRef = 835BA2B818BBEFBF00C64350 /* +@2x.png */; };
		836A6C9D18BF819E0068F1D2 /* CycleChartView.m in Sources */ = {isa = PBXBuildFile; fileRef = 836A6C9C18BF819E0068F1D2 /* CycleChartView.m */; };
		8387261018CA12C800A3277C /* FertilityStatusView.m in Sources */ = {isa = PBXBuildFile; fileRef = 8387260F18CA12C800A3277C /* FertilityStatusView.m */; };
		839A345D18ABCBAD007CD657 /* Calendar.m in Sources */ = {isa = PBXBuildFile; fileRef = 839A345C18ABCBAD007CD657 /* Calendar.m */; };
		839A346118ABCFB6007CD657 /* NavigationViewController.m in Sources */ = {isa = PBXBuildFile; fileRef = 839A345F18ABCFB6007CD657 /* NavigationViewController.m */; };
		839A346218ABCFB6007CD657 /* NavigationViewController.xib in Resources */ = {isa = PBXBuildFile; fileRef = 839A346018ABCFB6007CD657 /* NavigationViewController.xib */; };
		839A346818ABF385007CD657 /* PeriodDayCell.m in Sources */ = {isa = PBXBuildFile; fileRef = 839A346718ABF385007CD657 /* PeriodDayCell.m */; };
		839A346A18ABF3B3007CD657 /* PeriodDayCell.xib in Resources */ = {isa = PBXBuildFile; fileRef = 839A346918ABF3B3007CD657 /* PeriodDayCell.xib */; };
		83C6511418C91B7500F35CE5 /* BackArrow.png in Resources */ = {isa = PBXBuildFile; fileRef = 83C6511018C91B7500F35CE5 /* BackArrow.png */; };
		83C6511518C91B7500F35CE5 /* BackArrow@2x.png in Resources */ = {isa = PBXBuildFile; fileRef = 83C6511118C91B7500F35CE5 /* BackArrow@2x.png */; };
		83C6511618C91B7500F35CE5 /* ForwardArrow.png in Resources */ = {isa = PBXBuildFile; fileRef = 83C6511218C91B7500F35CE5 /* ForwardArrow.png */; };
		83C6511718C91B7500F35CE5 /* ForwardArrow@2x.png in Resources */ = {isa = PBXBuildFile; fileRef = 83C6511318C91B7500F35CE5 /* ForwardArrow@2x.png */; };
		83EB3EBB18AEA7D500EA91AC /* Creamy.png in Resources */ = {isa = PBXBuildFile; fileRef = 83EB3E3418AEA7D500EA91AC /* Creamy.png */; };
		83EB3EBC18AEA7D500EA91AC /* Creamy@2x.png in Resources */ = {isa = PBXBuildFile; fileRef = 83EB3E3518AEA7D500EA91AC /* Creamy@2x.png */; };
		83EB3EBD18AEA7D500EA91AC /* Eggwhite.png in Resources */ = {isa = PBXBuildFile; fileRef = 83EB3E3618AEA7D500EA91AC /* Eggwhite.png */; };
		83EB3EBE18AEA7D500EA91AC /* Eggwhite@2x.png in Resources */ = {isa = PBXBuildFile; fileRef = 83EB3E3718AEA7D500EA91AC /* Eggwhite@2x.png */; };
		83EB3EC018AEA7D500EA91AC /* Sticky.png in Resources */ = {isa = PBXBuildFile; fileRef = 83EB3E3918AEA7D500EA91AC /* Sticky.png */; };
		83EB3EC118AEA7D500EA91AC /* Sticky@2x.png in Resources */ = {isa = PBXBuildFile; fileRef = 83EB3E3A18AEA7D500EA91AC /* Sticky@2x.png */; };
		83EB3ECD18AEA7D500EA91AC /* Activate.png in Resources */ = {isa = PBXBuildFile; fileRef = 83EB3E4818AEA7D500EA91AC /* Activate.png */; };
		83EB3ECE18AEA7D500EA91AC /* Activate@2x.png in Resources */ = {isa = PBXBuildFile; fileRef = 83EB3E4918AEA7D500EA91AC /* Activate@2x.png */; };
		83EB3ECF18AEA7D500EA91AC /* Energize-01.png in Resources */ = {isa = PBXBuildFile; fileRef = 83EB3E4A18AEA7D500EA91AC /* Energize-01.png */; };
		83EB3ED018AEA7D500EA91AC /* Energize-01@2x.png in Resources */ = {isa = PBXBuildFile; fileRef = 83EB3E4B18AEA7D500EA91AC /* Energize-01@2x.png */; };
		83EB3ED118AEA7D500EA91AC /* Hydrate-01.png in Resources */ = {isa = PBXBuildFile; fileRef = 83EB3E4C18AEA7D500EA91AC /* Hydrate-01.png */; };
		83EB3ED218AEA7D500EA91AC /* Hydrate-01@2x.png in Resources */ = {isa = PBXBuildFile; fileRef = 83EB3E4D18AEA7D500EA91AC /* Hydrate-01@2x.png */; };
		83EB3ED418AEA7D500EA91AC /* Nourish-01.png in Resources */ = {isa = PBXBuildFile; fileRef = 83EB3E4F18AEA7D500EA91AC /* Nourish-01.png */; };
		83EB3ED518AEA7D500EA91AC /* Nourish-01@2x.png in Resources */ = {isa = PBXBuildFile; fileRef = 83EB3E5018AEA7D500EA91AC /* Nourish-01@2x.png */; };
		83EB3ED618AEA7D500EA91AC /* Refresh-01.png in Resources */ = {isa = PBXBuildFile; fileRef = 83EB3E5118AEA7D500EA91AC /* Refresh-01.png */; };
		83EB3ED718AEA7D500EA91AC /* Refresh-01@2x.png in Resources */ = {isa = PBXBuildFile; fileRef = 83EB3E5218AEA7D500EA91AC /* Refresh-01@2x.png */; };
		83EB3ED818AEA7D500EA91AC /* Revitalize-01.png in Resources */ = {isa = PBXBuildFile; fileRef = 83EB3E5318AEA7D500EA91AC /* Revitalize-01.png */; };
		83EB3ED918AEA7D500EA91AC /* Revitalize-01@2x.png in Resources */ = {isa = PBXBuildFile; fileRef = 83EB3E5418AEA7D500EA91AC /* Revitalize-01@2x.png */; };
		83EB3EDA18AEA7D500EA91AC /* Ventilate-01.png in Resources */ = {isa = PBXBuildFile; fileRef = 83EB3E5518AEA7D500EA91AC /* Ventilate-01.png */; };
		83EB3EDB18AEA7D500EA91AC /* Ventilate-01@2x.png in Resources */ = {isa = PBXBuildFile; fileRef = 83EB3E5618AEA7D500EA91AC /* Ventilate-01@2x.png */; };
		83EB3EDD18AEA7D500EA91AC /* Protected.png in Resources */ = {isa = PBXBuildFile; fileRef = 83EB3E5918AEA7D500EA91AC /* Protected.png */; };
		83EB3EDE18AEA7D500EA91AC /* Protected@2x.png in Resources */ = {isa = PBXBuildFile; fileRef = 83EB3E5A18AEA7D500EA91AC /* Protected@2x.png */; };
		83EB3EDF18AEA7D500EA91AC /* Unprotected.png in Resources */ = {isa = PBXBuildFile; fileRef = 83EB3E5B18AEA7D500EA91AC /* Unprotected.png */; };
		83EB3EE018AEA7D500EA91AC /* Unprotected@2x.png in Resources */ = {isa = PBXBuildFile; fileRef = 83EB3E5C18AEA7D500EA91AC /* Unprotected@2x.png */; };
		83EB3F0618AEA7D500EA91AC /* Heavy.png in Resources */ = {isa = PBXBuildFile; fileRef = 83EB3E8418AEA7D500EA91AC /* Heavy.png */; };
		83EB3F0718AEA7D500EA91AC /* Heavy@2x.png in Resources */ = {isa = PBXBuildFile; fileRef = 83EB3E8518AEA7D500EA91AC /* Heavy@2x.png */; };
		83EB3F0918AEA7D500EA91AC /* Light.png in Resources */ = {isa = PBXBuildFile; fileRef = 83EB3E8718AEA7D500EA91AC /* Light.png */; };
		83EB3F0A18AEA7D500EA91AC /* Light@2x.png in Resources */ = {isa = PBXBuildFile; fileRef = 83EB3E8818AEA7D500EA91AC /* Light@2x.png */; };
		83EB3F0B18AEA7D500EA91AC /* Medium.png in Resources */ = {isa = PBXBuildFile; fileRef = 83EB3E8918AEA7D500EA91AC /* Medium.png */; };
		83EB3F0C18AEA7D500EA91AC /* Medium@2x.png in Resources */ = {isa = PBXBuildFile; fileRef = 83EB3E8A18AEA7D500EA91AC /* Medium@2x.png */; };
		83EB3F0D18AEA7D500EA91AC /* Spotting.png in Resources */ = {isa = PBXBuildFile; fileRef = 83EB3E8B18AEA7D500EA91AC /* Spotting.png */; };
		83EB3F0E18AEA7D500EA91AC /* Spotting@2x.png in Resources */ = {isa = PBXBuildFile; fileRef = 83EB3E8C18AEA7D500EA91AC /* Spotting@2x.png */; };
		83EB3F0F18AEA7D500EA91AC /* Acupressure.png in Resources */ = {isa = PBXBuildFile; fileRef = 83EB3E8E18AEA7D500EA91AC /* Acupressure.png */; };
		83EB3F1018AEA7D500EA91AC /* Acupressure@2x.png in Resources */ = {isa = PBXBuildFile; fileRef = 83EB3E8F18AEA7D500EA91AC /* Acupressure@2x.png */; };
		83EB3F1218AEA7D500EA91AC /* Lifestyle .png in Resources */ = {isa = PBXBuildFile; fileRef = 83EB3E9118AEA7D500EA91AC /* Lifestyle .png */; };
		83EB3F1318AEA7D500EA91AC /* Lifestyle @2x.png in Resources */ = {isa = PBXBuildFile; fileRef = 83EB3E9218AEA7D500EA91AC /* Lifestyle @2x.png */; };
		83EB3F1418AEA7D500EA91AC /* Meditation.png in Resources */ = {isa = PBXBuildFile; fileRef = 83EB3E9318AEA7D500EA91AC /* Meditation.png */; };
		83EB3F1518AEA7D500EA91AC /* Meditation@2x.png in Resources */ = {isa = PBXBuildFile; fileRef = 83EB3E9418AEA7D500EA91AC /* Meditation@2x.png */; };
		83EB3F1618AEA7D500EA91AC /* Self Massage.png in Resources */ = {isa = PBXBuildFile; fileRef = 83EB3E9518AEA7D500EA91AC /* Self Massage.png */; };
		83EB3F1718AEA7D500EA91AC /* Self Massage@2x.png in Resources */ = {isa = PBXBuildFile; fileRef = 83EB3E9618AEA7D500EA91AC /* Self Massage@2x.png */; };
		83EB3F1918AEA7D500EA91AC /* Negative.png in Resources */ = {isa = PBXBuildFile; fileRef = 83EB3E9918AEA7D500EA91AC /* Negative.png */; };
		83EB3F1A18AEA7D500EA91AC /* Negative@2x.png in Resources */ = {isa = PBXBuildFile; fileRef = 83EB3E9A18AEA7D500EA91AC /* Negative@2x.png */; };
		83EB3F1B18AEA7D500EA91AC /* Positive.png in Resources */ = {isa = PBXBuildFile; fileRef = 83EB3E9B18AEA7D500EA91AC /* Positive.png */; };
		83EB3F1C18AEA7D500EA91AC /* Positive@2x.png in Resources */ = {isa = PBXBuildFile; fileRef = 83EB3E9C18AEA7D500EA91AC /* Positive@2x.png */; };
		83EB3F1D18AEA7D500EA91AC /* cal_selected.png in Resources */ = {isa = PBXBuildFile; fileRef = 83EB3E9E18AEA7D500EA91AC /* cal_selected.png */; };
		83EB3F1E18AEA7D500EA91AC /* cal_selected@2x.png in Resources */ = {isa = PBXBuildFile; fileRef = 83EB3E9F18AEA7D500EA91AC /* cal_selected@2x.png */; };
		83EB3F1F18AEA7D500EA91AC /* cal_unselected.png in Resources */ = {isa = PBXBuildFile; fileRef = 83EB3EA018AEA7D500EA91AC /* cal_unselected.png */; };
		83EB3F2018AEA7D500EA91AC /* cal_unselected@2x.png in Resources */ = {isa = PBXBuildFile; fileRef = 83EB3EA118AEA7D500EA91AC /* cal_unselected@2x.png */; };
		83EB3F2118AEA7D500EA91AC /* coaching_selected.png in Resources */ = {isa = PBXBuildFile; fileRef = 83EB3EA218AEA7D500EA91AC /* coaching_selected.png */; };
		83EB3F2218AEA7D500EA91AC /* coaching_selected@2x.png in Resources */ = {isa = PBXBuildFile; fileRef = 83EB3EA318AEA7D500EA91AC /* coaching_selected@2x.png */; };
		83EB3F2318AEA7D500EA91AC /* coaching_unselect.png in Resources */ = {isa = PBXBuildFile; fileRef = 83EB3EA418AEA7D500EA91AC /* coaching_unselect.png */; };
		83EB3F2418AEA7D500EA91AC /* coaching_unselect@2x.png in Resources */ = {isa = PBXBuildFile; fileRef = 83EB3EA518AEA7D500EA91AC /* coaching_unselect@2x.png */; };
		83EB3F2518AEA7D500EA91AC /* community_selected.png in Resources */ = {isa = PBXBuildFile; fileRef = 83EB3EA618AEA7D500EA91AC /* community_selected.png */; };
		83EB3F2618AEA7D500EA91AC /* community_selected@2x.png in Resources */ = {isa = PBXBuildFile; fileRef = 83EB3EA718AEA7D500EA91AC /* community_selected@2x.png */; };
		83EB3F2718AEA7D500EA91AC /* community_unselect.png in Resources */ = {isa = PBXBuildFile; fileRef = 83EB3EA818AEA7D500EA91AC /* community_unselect.png */; };
		83EB3F2818AEA7D500EA91AC /* community_unselect@2x.png in Resources */ = {isa = PBXBuildFile; fileRef = 83EB3EA918AEA7D500EA91AC /* community_unselect@2x.png */; };
		83EB3F2A18AEA7D500EA91AC /* more_selected.png in Resources */ = {isa = PBXBuildFile; fileRef = 83EB3EAB18AEA7D500EA91AC /* more_selected.png */; };
		83EB3F2B18AEA7D500EA91AC /* more_selected@2x.png in Resources */ = {isa = PBXBuildFile; fileRef = 83EB3EAC18AEA7D500EA91AC /* more_selected@2x.png */; };
		83EB3F2C18AEA7D500EA91AC /* more_unselect.png in Resources */ = {isa = PBXBuildFile; fileRef = 83EB3EAD18AEA7D500EA91AC /* more_unselect.png */; };
		83EB3F2D18AEA7D500EA91AC /* more_unselect@2x.png in Resources */ = {isa = PBXBuildFile; fileRef = 83EB3EAE18AEA7D500EA91AC /* more_unselect@2x.png */; };
		83EB3F2E18AEA7D500EA91AC /* today_selected.png in Resources */ = {isa = PBXBuildFile; fileRef = 83EB3EAF18AEA7D500EA91AC /* today_selected.png */; };
		83EB3F2F18AEA7D500EA91AC /* today_selected@2x.png in Resources */ = {isa = PBXBuildFile; fileRef = 83EB3EB018AEA7D500EA91AC /* today_selected@2x.png */; };
		83EB3F3018AEA7D500EA91AC /* today_unselect.png in Resources */ = {isa = PBXBuildFile; fileRef = 83EB3EB118AEA7D500EA91AC /* today_unselect.png */; };
		83EB3F3118AEA7D500EA91AC /* today_unselect@2x.png in Resources */ = {isa = PBXBuildFile; fileRef = 83EB3EB218AEA7D500EA91AC /* today_unselect@2x.png */; };
		83EB3F3218AEA7D500EA91AC /* Dry.png in Resources */ = {isa = PBXBuildFile; fileRef = 83EB3EB418AEA7D500EA91AC /* Dry.png */; };
		83EB3F3318AEA7D500EA91AC /* Dry@2x.png in Resources */ = {isa = PBXBuildFile; fileRef = 83EB3EB518AEA7D500EA91AC /* Dry@2x.png */; };
		83EB3F3518AEA7D500EA91AC /* Lube.png in Resources */ = {isa = PBXBuildFile; fileRef = 83EB3EB718AEA7D500EA91AC /* Lube.png */; };
		83EB3F3618AEA7D500EA91AC /* Lube@2x.png in Resources */ = {isa = PBXBuildFile; fileRef = 83EB3EB818AEA7D500EA91AC /* Lube@2x.png */; };
		83EB3F3718AEA7D500EA91AC /* Wet.png in Resources */ = {isa = PBXBuildFile; fileRef = 83EB3EB918AEA7D500EA91AC /* Wet.png */; };
		83EB3F3818AEA7D500EA91AC /* Wet@2x.png in Resources */ = {isa = PBXBuildFile; fileRef = 83EB3EBA18AEA7D500EA91AC /* Wet@2x.png */; };
		83EB3F3A18AEAD2600EA91AC /* QuartzCore.framework in Frameworks */ = {isa = PBXBuildFile; fileRef = 83EB3F3918AEAD2600EA91AC /* QuartzCore.framework */; };
		9C4D13D86AB546AD9A46ADE4 /* libPods-OvatempTests.a in Frameworks */ = {isa = PBXBuildFile; fileRef = FAA41CA4FF684F1FADD9F160 /* libPods-OvatempTests.a */; };
		C3066C6818983537003F8B84 /* TodayViewController.m in Sources */ = {isa = PBXBuildFile; fileRef = C3066C6618983537003F8B84 /* TodayViewController.m */; };
		C308706818980A4900DC4364 /* UIViewController+Alerts.m in Sources */ = {isa = PBXBuildFile; fileRef = C308706718980A4900DC4364 /* UIViewController+Alerts.m */; };
		C308706B18980B1A00DC4364 /* Alert.m in Sources */ = {isa = PBXBuildFile; fileRef = C308706A18980B1A00DC4364 /* Alert.m */; };
		C31220241899BB8E0027C4B3 /* Configuration.m in Sources */ = {isa = PBXBuildFile; fileRef = C31220231899BB8E0027C4B3 /* Configuration.m */; };
		C32C4A89189856C100B05009 /* ButtonCell.m in Sources */ = {isa = PBXBuildFile; fileRef = C32C4A88189856C100B05009 /* ButtonCell.m */; };
		C32C4A8C18985A4D00B05009 /* UIViewController+ConnectionManager.m in Sources */ = {isa = PBXBuildFile; fileRef = C32C4A8B18985A4D00B05009 /* UIViewController+ConnectionManager.m */; };
		C32C4A8F18985A7800B05009 /* ConnectionManager.m in Sources */ = {isa = PBXBuildFile; fileRef = C32C4A8E18985A7800B05009 /* ConnectionManager.m */; };
		C36C50FF189028190053A884 /* Foundation.framework in Frameworks */ = {isa = PBXBuildFile; fileRef = C36C50FE189028190053A884 /* Foundation.framework */; };
		C36C5101189028190053A884 /* CoreGraphics.framework in Frameworks */ = {isa = PBXBuildFile; fileRef = C36C5100189028190053A884 /* CoreGraphics.framework */; };
		C36C5103189028190053A884 /* UIKit.framework in Frameworks */ = {isa = PBXBuildFile; fileRef = C36C5102189028190053A884 /* UIKit.framework */; };
		C36C5109189028190053A884 /* InfoPlist.strings in Resources */ = {isa = PBXBuildFile; fileRef = C36C5107189028190053A884 /* InfoPlist.strings */; };
		C36C510B189028190053A884 /* main.m in Sources */ = {isa = PBXBuildFile; fileRef = C36C510A189028190053A884 /* main.m */; };
		C36C510F189028190053A884 /* AppDelegate.m in Sources */ = {isa = PBXBuildFile; fileRef = C36C510E189028190053A884 /* AppDelegate.m */; };
		C36C5111189028190053A884 /* Images.xcassets in Resources */ = {isa = PBXBuildFile; fileRef = C36C5110189028190053A884 /* Images.xcassets */; };
		C3BF8FBF1898409C00572F43 /* XCTest.framework in Frameworks */ = {isa = PBXBuildFile; fileRef = C3BF8FBE1898409C00572F43 /* XCTest.framework */; };
		C3BF8FC01898409C00572F43 /* Foundation.framework in Frameworks */ = {isa = PBXBuildFile; fileRef = C36C50FE189028190053A884 /* Foundation.framework */; };
		C3BF8FC11898409C00572F43 /* UIKit.framework in Frameworks */ = {isa = PBXBuildFile; fileRef = C36C5102189028190053A884 /* UIKit.framework */; };
		C3BF8FC71898409C00572F43 /* InfoPlist.strings in Resources */ = {isa = PBXBuildFile; fileRef = C3BF8FC51898409C00572F43 /* InfoPlist.strings */; };
		C3BF8FD31898415E00572F43 /* FirstLaunchSpec.m in Sources */ = {isa = PBXBuildFile; fileRef = C3BF8FD21898415E00572F43 /* FirstLaunchSpec.m */; };
		C3BF8FD91898421700572F43 /* XCTestCase+KIF.m in Sources */ = {isa = PBXBuildFile; fileRef = C3BF8FD81898421700572F43 /* XCTestCase+KIF.m */; };
		C3BF8FDD1898449D00572F43 /* OvatempTestHelpers.m in Sources */ = {isa = PBXBuildFile; fileRef = C3BF8FDC1898449D00572F43 /* OvatempTestHelpers.m */; };
		C3BF8FE01898452F00572F43 /* SessionViewController.m in Sources */ = {isa = PBXBuildFile; fileRef = C3BF8FDF1898452F00572F43 /* SessionViewController.m */; };
		C3BF8FE21898454300572F43 /* SessionViewController.xib in Resources */ = {isa = PBXBuildFile; fileRef = C3BF8FE11898454300572F43 /* SessionViewController.xib */; };
		C3BF8FE5189848CE00572F43 /* BaseModel.m in Sources */ = {isa = PBXBuildFile; fileRef = C3BF8FE4189848CE00572F43 /* BaseModel.m */; };
		C3BF8FE818984AC200572F43 /* User.m in Sources */ = {isa = PBXBuildFile; fileRef = C3BF8FE718984AC200572F43 /* User.m */; };
		C3BF8FEB18984B9700572F43 /* TextFieldCell.m in Sources */ = {isa = PBXBuildFile; fileRef = C3BF8FEA18984B9700572F43 /* TextFieldCell.m */; };
		C3D4F351189835CC00CBB91A /* UIViewController+WithNavigation.m in Sources */ = {isa = PBXBuildFile; fileRef = C3D4F350189835CC00CBB91A /* UIViewController+WithNavigation.m */; };
		C3D4F35418983B9C00CBB91A /* Constants.m in Sources */ = {isa = PBXBuildFile; fileRef = C3D4F35318983B9C00CBB91A /* Constants.m */; };
		D18C51F548DA4E59B785DE16 /* libPods-Ovatemp.a in Frameworks */ = {isa = PBXBuildFile; fileRef = F43F1F4F22DB4267A95469D4 /* libPods-Ovatemp.a */; };
/* End PBXBuildFile section */

/* Begin PBXContainerItemProxy section */
		C3BF8FCB1898409C00572F43 /* PBXContainerItemProxy */ = {
			isa = PBXContainerItemProxy;
			containerPortal = C36C50F3189028190053A884 /* Project object */;
			proxyType = 1;
			remoteGlobalIDString = C36C50FA189028190053A884;
			remoteInfo = Ovatemp;
		};
/* End PBXContainerItemProxy section */

/* Begin PBXFileReference section */
		803928D684F54DB4A5F86E42 /* Pods-OvatempTests.xcconfig */ = {isa = PBXFileReference; includeInIndex = 1; lastKnownFileType = text.xcconfig; name = "Pods-OvatempTests.xcconfig"; path = "Pods/Pods-OvatempTests.xcconfig"; sourceTree = "<group>"; };
		8315E49918C13F9B00DA935A /* OTScrollView.h */ = {isa = PBXFileReference; fileEncoding = 4; lastKnownFileType = sourcecode.c.h; path = OTScrollView.h; sourceTree = "<group>"; };
		8315E49A18C13F9B00DA935A /* OTScrollView.m */ = {isa = PBXFileReference; fileEncoding = 4; lastKnownFileType = sourcecode.c.objc; path = OTScrollView.m; sourceTree = "<group>"; };
		8315E49D18C521A800DA935A /* SessionSpec.m */ = {isa = PBXFileReference; fileEncoding = 4; lastKnownFileType = sourcecode.c.objc; path = SessionSpec.m; sourceTree = "<group>"; };
		8328B75618ABFD6D00DA7A5E /* TemperatureDayCell.xib */ = {isa = PBXFileReference; fileEncoding = 4; lastKnownFileType = file.xib; path = TemperatureDayCell.xib; sourceTree = "<group>"; };
		8328B75818ABFD9400DA7A5E /* TemperatureDayCell.h */ = {isa = PBXFileReference; fileEncoding = 4; lastKnownFileType = sourcecode.c.h; path = TemperatureDayCell.h; sourceTree = "<group>"; };
		8328B75918ABFD9400DA7A5E /* TemperatureDayCell.m */ = {isa = PBXFileReference; fileEncoding = 4; lastKnownFileType = sourcecode.c.objc; path = TemperatureDayCell.m; sourceTree = "<group>"; };
		8328B75B18AC002800DA7A5E /* FluidDayCell.h */ = {isa = PBXFileReference; fileEncoding = 4; lastKnownFileType = sourcecode.c.h; path = FluidDayCell.h; sourceTree = "<group>"; };
		8328B75C18AC002800DA7A5E /* FluidDayCell.m */ = {isa = PBXFileReference; fileEncoding = 4; lastKnownFileType = sourcecode.c.objc; path = FluidDayCell.m; sourceTree = "<group>"; };
		8328B75E18AC003700DA7A5E /* FluidDayCell.xib */ = {isa = PBXFileReference; fileEncoding = 4; lastKnownFileType = file.xib; path = FluidDayCell.xib; sourceTree = "<group>"; };
		8328B76018AC004300DA7A5E /* IntercourseDayCell.xib */ = {isa = PBXFileReference; fileEncoding = 4; lastKnownFileType = file.xib; path = IntercourseDayCell.xib; sourceTree = "<group>"; };
		8328B76218AC005A00DA7A5E /* SymptomsDayCell.xib */ = {isa = PBXFileReference; fileEncoding = 4; lastKnownFileType = file.xib; path = SymptomsDayCell.xib; sourceTree = "<group>"; };
		8328B76418AC006C00DA7A5E /* SupplementsDayCell.xib */ = {isa = PBXFileReference; fileEncoding = 4; lastKnownFileType = file.xib; path = SupplementsDayCell.xib; sourceTree = "<group>"; };
		8328B76618AC008700DA7A5E /* SignsDayCell.xib */ = {isa = PBXFileReference; fileEncoding = 4; lastKnownFileType = file.xib; path = SignsDayCell.xib; sourceTree = "<group>"; };
		8328B76818AC009C00DA7A5E /* IntercourseDayCell.h */ = {isa = PBXFileReference; fileEncoding = 4; lastKnownFileType = sourcecode.c.h; path = IntercourseDayCell.h; sourceTree = "<group>"; };
		8328B76918AC009C00DA7A5E /* IntercourseDayCell.m */ = {isa = PBXFileReference; fileEncoding = 4; lastKnownFileType = sourcecode.c.objc; path = IntercourseDayCell.m; sourceTree = "<group>"; };
		8328B76B18AC00A800DA7A5E /* SignsDayCell.h */ = {isa = PBXFileReference; fileEncoding = 4; lastKnownFileType = sourcecode.c.h; path = SignsDayCell.h; sourceTree = "<group>"; };
		8328B76C18AC00A800DA7A5E /* SignsDayCell.m */ = {isa = PBXFileReference; fileEncoding = 4; lastKnownFileType = sourcecode.c.objc; path = SignsDayCell.m; sourceTree = "<group>"; };
		8328B76E18AC00B500DA7A5E /* SupplementsDayCell.h */ = {isa = PBXFileReference; fileEncoding = 4; lastKnownFileType = sourcecode.c.h; path = SupplementsDayCell.h; sourceTree = "<group>"; };
		8328B76F18AC00B500DA7A5E /* SupplementsDayCell.m */ = {isa = PBXFileReference; fileEncoding = 4; lastKnownFileType = sourcecode.c.objc; path = SupplementsDayCell.m; sourceTree = "<group>"; };
		8328B77118AC00CD00DA7A5E /* SymptomsDayCell.h */ = {isa = PBXFileReference; fileEncoding = 4; lastKnownFileType = sourcecode.c.h; path = SymptomsDayCell.h; sourceTree = "<group>"; };
		8328B77218AC00CD00DA7A5E /* SymptomsDayCell.m */ = {isa = PBXFileReference; fileEncoding = 4; lastKnownFileType = sourcecode.c.objc; path = SymptomsDayCell.m; sourceTree = "<group>"; };
		8328B77418AC034900DA7A5E /* DayCell.h */ = {isa = PBXFileReference; fileEncoding = 4; lastKnownFileType = sourcecode.c.h; path = DayCell.h; sourceTree = "<group>"; };
		8328B77518AC034900DA7A5E /* DayCell.m */ = {isa = PBXFileReference; fileEncoding = 4; lastKnownFileType = sourcecode.c.objc; path = DayCell.m; sourceTree = "<group>"; };
		832934B918B7D93200F6875B /* Amazing.png */ = {isa = PBXFileReference; lastKnownFileType = image.png; path = Amazing.png; sourceTree = "<group>"; };
		832934BA18B7D93200F6875B /* Amazing@2x.png */ = {isa = PBXFileReference; lastKnownFileType = image.png; path = "Amazing@2x.png"; sourceTree = "<group>"; };
		832934BB18B7D93200F6875B /* Good.png */ = {isa = PBXFileReference; lastKnownFileType = image.png; path = Good.png; sourceTree = "<group>"; };
		832934BC18B7D93200F6875B /* Good@2x.png */ = {isa = PBXFileReference; lastKnownFileType = image.png; path = "Good@2x.png"; sourceTree = "<group>"; };
		832934BD18B7D93200F6875B /* Medicines.png */ = {isa = PBXFileReference; lastKnownFileType = image.png; path = Medicines.png; sourceTree = "<group>"; };
		832934BE18B7D93200F6875B /* Medicines@2x.png */ = {isa = PBXFileReference; lastKnownFileType = image.png; path = "Medicines@2x.png"; sourceTree = "<group>"; };
		832934BF18B7D93200F6875B /* Sad.png */ = {isa = PBXFileReference; lastKnownFileType = image.png; path = Sad.png; sourceTree = "<group>"; };
		832934C018B7D93200F6875B /* Sad@2x.png */ = {isa = PBXFileReference; lastKnownFileType = image.png; path = "Sad@2x.png"; sourceTree = "<group>"; };
		832934C118B7D93200F6875B /* Supplements.png */ = {isa = PBXFileReference; lastKnownFileType = image.png; path = Supplements.png; sourceTree = "<group>"; };
		832934C218B7D93200F6875B /* Supplements@2x.png */ = {isa = PBXFileReference; lastKnownFileType = image.png; path = "Supplements@2x.png"; sourceTree = "<group>"; };
		832934C318B7D93200F6875B /* Symptoms.png */ = {isa = PBXFileReference; lastKnownFileType = image.png; path = Symptoms.png; sourceTree = "<group>"; };
		832934C418B7D93200F6875B /* Symptoms@2x.png */ = {isa = PBXFileReference; lastKnownFileType = image.png; path = "Symptoms@2x.png"; sourceTree = "<group>"; };
		832934C518B7D93200F6875B /* Worried.png */ = {isa = PBXFileReference; lastKnownFileType = image.png; path = Worried.png; sourceTree = "<group>"; };
		832934C618B7D93200F6875B /* Worried@2x.png */ = {isa = PBXFileReference; lastKnownFileType = image.png; path = "Worried@2x.png"; sourceTree = "<group>"; };
		8329353318B7F85B00F6875B /* Supplement.h */ = {isa = PBXFileReference; fileEncoding = 4; lastKnownFileType = sourcecode.c.h; path = Supplement.h; sourceTree = "<group>"; };
		8329353418B7F85B00F6875B /* Supplement.m */ = {isa = PBXFileReference; fileEncoding = 4; lastKnownFileType = sourcecode.c.objc; path = Supplement.m; sourceTree = "<group>"; };
		8329353618B7FD1700F6875B /* Medicine.h */ = {isa = PBXFileReference; fileEncoding = 4; lastKnownFileType = sourcecode.c.h; path = Medicine.h; sourceTree = "<group>"; };
		8329353718B7FD1700F6875B /* Medicine.m */ = {isa = PBXFileReference; fileEncoding = 4; lastKnownFileType = sourcecode.c.objc; path = Medicine.m; sourceTree = "<group>"; };
		8329353918B7FD2600F6875B /* Symptom.h */ = {isa = PBXFileReference; fileEncoding = 4; lastKnownFileType = sourcecode.c.h; path = Symptom.h; sourceTree = "<group>"; };
		8329353A18B7FD2600F6875B /* Symptom.m */ = {isa = PBXFileReference; fileEncoding = 4; lastKnownFileType = sourcecode.c.objc; path = Symptom.m; sourceTree = "<group>"; };
		834BD63118AD1363003B6808 /* MoreStoryboard.storyboard */ = {isa = PBXFileReference; fileEncoding = 4; lastKnownFileType = file.storyboard; path = MoreStoryboard.storyboard; sourceTree = "<group>"; };
		834BD63318AD1519003B6808 /* MoreViewController.h */ = {isa = PBXFileReference; fileEncoding = 4; lastKnownFileType = sourcecode.c.h; path = MoreViewController.h; sourceTree = "<group>"; };
		834BD63418AD1519003B6808 /* MoreViewController.m */ = {isa = PBXFileReference; fileEncoding = 4; lastKnownFileType = sourcecode.c.objc; path = MoreViewController.m; sourceTree = "<group>"; };
		834BD63618AD164E003B6808 /* SessionController.h */ = {isa = PBXFileReference; fileEncoding = 4; lastKnownFileType = sourcecode.c.h; path = SessionController.h; sourceTree = "<group>"; };
		834BD63718AD164E003B6808 /* SessionController.m */ = {isa = PBXFileReference; fileEncoding = 4; lastKnownFileType = sourcecode.c.objc; path = SessionController.m; sourceTree = "<group>"; };
		834BD63918AD29EA003B6808 /* Day.h */ = {isa = PBXFileReference; fileEncoding = 4; lastKnownFileType = sourcecode.c.h; path = Day.h; sourceTree = "<group>"; };
		834BD63A18AD29EA003B6808 /* Day.m */ = {isa = PBXFileReference; fileEncoding = 4; lastKnownFileType = sourcecode.c.objc; path = Day.m; sourceTree = "<group>"; };
		834BD63C18AD4B5B003B6808 /* NSDate+ShortDate.h */ = {isa = PBXFileReference; fileEncoding = 4; lastKnownFileType = sourcecode.c.h; path = "NSDate+ShortDate.h"; sourceTree = "<group>"; };
		834BD63D18AD4B5B003B6808 /* NSDate+ShortDate.m */ = {isa = PBXFileReference; fileEncoding = 4; lastKnownFileType = sourcecode.c.objc; path = "NSDate+ShortDate.m"; sourceTree = "<group>"; };
		834BD63F18AD6590003B6808 /* DayToggleButton.h */ = {isa = PBXFileReference; fileEncoding = 4; lastKnownFileType = sourcecode.c.h; path = DayToggleButton.h; sourceTree = "<group>"; };
		834BD64018AD6590003B6808 /* DayToggleButton.m */ = {isa = PBXFileReference; fileEncoding = 4; lastKnownFileType = sourcecode.c.objc; path = DayToggleButton.m; sourceTree = "<group>"; };
		83548FF118BD24450016B53A /* TodaySpec.m */ = {isa = PBXFileReference; fileEncoding = 4; lastKnownFileType = sourcecode.c.objc; path = TodaySpec.m; sourceTree = "<group>"; };
		835AE58418B7A36000FEAF98 /* CheckCell.h */ = {isa = PBXFileReference; fileEncoding = 4; lastKnownFileType = sourcecode.c.h; path = CheckCell.h; sourceTree = "<group>"; };
		835AE58518B7A36000FEAF98 /* CheckCell.m */ = {isa = PBXFileReference; fileEncoding = 4; lastKnownFileType = sourcecode.c.objc; path = CheckCell.m; sourceTree = "<group>"; };
		835AE58718B7A3B500FEAF98 /* CheckCell.xib */ = {isa = PBXFileReference; fileEncoding = 4; lastKnownFileType = file.xib; path = CheckCell.xib; sourceTree = "<group>"; };
		835AE58918B7A51700FEAF98 /* CheckBox.png */ = {isa = PBXFileReference; lastKnownFileType = image.png; path = CheckBox.png; sourceTree = "<group>"; };
		835AE58A18B7A51700FEAF98 /* CheckBox@2x.png */ = {isa = PBXFileReference; lastKnownFileType = image.png; path = "CheckBox@2x.png"; sourceTree = "<group>"; };
		835BA2B118BBCB8300C64350 /* SharedRelation.h */ = {isa = PBXFileReference; fileEncoding = 4; lastKnownFileType = sourcecode.c.h; path = SharedRelation.h; sourceTree = "<group>"; };
		835BA2B218BBCB8300C64350 /* SharedRelation.m */ = {isa = PBXFileReference; fileEncoding = 4; lastKnownFileType = sourcecode.c.objc; path = SharedRelation.m; sourceTree = "<group>"; };
		835BA2B418BBDC0200C64350 /* UIAlertView+WithBlock.h */ = {isa = PBXFileReference; fileEncoding = 4; lastKnownFileType = sourcecode.c.h; path = "UIAlertView+WithBlock.h"; sourceTree = "<group>"; };
		835BA2B518BBDC0200C64350 /* UIAlertView+WithBlock.m */ = {isa = PBXFileReference; fileEncoding = 4; lastKnownFileType = sourcecode.c.objc; path = "UIAlertView+WithBlock.m"; sourceTree = "<group>"; };
		835BA2B718BBEFBF00C64350 /* +.png */ = {isa = PBXFileReference; lastKnownFileType = image.png; path = "+.png"; sourceTree = "<group>"; };
		835BA2B818BBEFBF00C64350 /* +@2x.png */ = {isa = PBXFileReference; lastKnownFileType = image.png; path = "+@2x.png"; sourceTree = "<group>"; };
		836A6C9B18BF819E0068F1D2 /* CycleChartView.h */ = {isa = PBXFileReference; fileEncoding = 4; lastKnownFileType = sourcecode.c.h; path = CycleChartView.h; sourceTree = "<group>"; };
		836A6C9C18BF819E0068F1D2 /* CycleChartView.m */ = {isa = PBXFileReference; fileEncoding = 4; lastKnownFileType = sourcecode.c.objc; path = CycleChartView.m; sourceTree = "<group>"; };
		8387260E18CA12C800A3277C /* FertilityStatusView.h */ = {isa = PBXFileReference; fileEncoding = 4; lastKnownFileType = sourcecode.c.h; path = FertilityStatusView.h; sourceTree = "<group>"; };
		8387260F18CA12C800A3277C /* FertilityStatusView.m */ = {isa = PBXFileReference; fileEncoding = 4; lastKnownFileType = sourcecode.c.objc; path = FertilityStatusView.m; sourceTree = "<group>"; };
		839A345B18ABCBAD007CD657 /* Calendar.h */ = {isa = PBXFileReference; fileEncoding = 4; lastKnownFileType = sourcecode.c.h; name = Calendar.h; path = Shared/Calendar.h; sourceTree = "<group>"; };
		839A345C18ABCBAD007CD657 /* Calendar.m */ = {isa = PBXFileReference; fileEncoding = 4; lastKnownFileType = sourcecode.c.objc; name = Calendar.m; path = Shared/Calendar.m; sourceTree = "<group>"; };
		839A345E18ABCFB6007CD657 /* NavigationViewController.h */ = {isa = PBXFileReference; fileEncoding = 4; lastKnownFileType = sourcecode.c.h; path = NavigationViewController.h; sourceTree = "<group>"; };
		839A345F18ABCFB6007CD657 /* NavigationViewController.m */ = {isa = PBXFileReference; fileEncoding = 4; lastKnownFileType = sourcecode.c.objc; path = NavigationViewController.m; sourceTree = "<group>"; };
		839A346018ABCFB6007CD657 /* NavigationViewController.xib */ = {isa = PBXFileReference; fileEncoding = 4; lastKnownFileType = file.xib; name = NavigationViewController.xib; path = ../Controllers/NavigationViewController.xib; sourceTree = "<group>"; };
		839A346618ABF385007CD657 /* PeriodDayCell.h */ = {isa = PBXFileReference; fileEncoding = 4; lastKnownFileType = sourcecode.c.h; path = PeriodDayCell.h; sourceTree = "<group>"; };
		839A346718ABF385007CD657 /* PeriodDayCell.m */ = {isa = PBXFileReference; fileEncoding = 4; lastKnownFileType = sourcecode.c.objc; path = PeriodDayCell.m; sourceTree = "<group>"; };
		839A346918ABF3B3007CD657 /* PeriodDayCell.xib */ = {isa = PBXFileReference; fileEncoding = 4; lastKnownFileType = file.xib; path = PeriodDayCell.xib; sourceTree = "<group>"; };
		83C6511018C91B7500F35CE5 /* BackArrow.png */ = {isa = PBXFileReference; lastKnownFileType = image.png; path = BackArrow.png; sourceTree = "<group>"; };
		83C6511118C91B7500F35CE5 /* BackArrow@2x.png */ = {isa = PBXFileReference; lastKnownFileType = image.png; path = "BackArrow@2x.png"; sourceTree = "<group>"; };
		83C6511218C91B7500F35CE5 /* ForwardArrow.png */ = {isa = PBXFileReference; lastKnownFileType = image.png; path = ForwardArrow.png; sourceTree = "<group>"; };
		83C6511318C91B7500F35CE5 /* ForwardArrow@2x.png */ = {isa = PBXFileReference; lastKnownFileType = image.png; path = "ForwardArrow@2x.png"; sourceTree = "<group>"; };
		83EB3E3418AEA7D500EA91AC /* Creamy.png */ = {isa = PBXFileReference; lastKnownFileType = image.png; path = Creamy.png; sourceTree = "<group>"; };
		83EB3E3518AEA7D500EA91AC /* Creamy@2x.png */ = {isa = PBXFileReference; lastKnownFileType = image.png; path = "Creamy@2x.png"; sourceTree = "<group>"; };
		83EB3E3618AEA7D500EA91AC /* Eggwhite.png */ = {isa = PBXFileReference; lastKnownFileType = image.png; path = Eggwhite.png; sourceTree = "<group>"; };
		83EB3E3718AEA7D500EA91AC /* Eggwhite@2x.png */ = {isa = PBXFileReference; lastKnownFileType = image.png; path = "Eggwhite@2x.png"; sourceTree = "<group>"; };
		83EB3E3918AEA7D500EA91AC /* Sticky.png */ = {isa = PBXFileReference; lastKnownFileType = image.png; path = Sticky.png; sourceTree = "<group>"; };
		83EB3E3A18AEA7D500EA91AC /* Sticky@2x.png */ = {isa = PBXFileReference; lastKnownFileType = image.png; path = "Sticky@2x.png"; sourceTree = "<group>"; };
		83EB3E4818AEA7D500EA91AC /* Activate.png */ = {isa = PBXFileReference; lastKnownFileType = image.png; path = Activate.png; sourceTree = "<group>"; };
		83EB3E4918AEA7D500EA91AC /* Activate@2x.png */ = {isa = PBXFileReference; lastKnownFileType = image.png; path = "Activate@2x.png"; sourceTree = "<group>"; };
		83EB3E4A18AEA7D500EA91AC /* Energize-01.png */ = {isa = PBXFileReference; lastKnownFileType = image.png; path = "Energize-01.png"; sourceTree = "<group>"; };
		83EB3E4B18AEA7D500EA91AC /* Energize-01@2x.png */ = {isa = PBXFileReference; lastKnownFileType = image.png; path = "Energize-01@2x.png"; sourceTree = "<group>"; };
		83EB3E4C18AEA7D500EA91AC /* Hydrate-01.png */ = {isa = PBXFileReference; lastKnownFileType = image.png; path = "Hydrate-01.png"; sourceTree = "<group>"; };
		83EB3E4D18AEA7D500EA91AC /* Hydrate-01@2x.png */ = {isa = PBXFileReference; lastKnownFileType = image.png; path = "Hydrate-01@2x.png"; sourceTree = "<group>"; };
		83EB3E4F18AEA7D500EA91AC /* Nourish-01.png */ = {isa = PBXFileReference; lastKnownFileType = image.png; path = "Nourish-01.png"; sourceTree = "<group>"; };
		83EB3E5018AEA7D500EA91AC /* Nourish-01@2x.png */ = {isa = PBXFileReference; lastKnownFileType = image.png; path = "Nourish-01@2x.png"; sourceTree = "<group>"; };
		83EB3E5118AEA7D500EA91AC /* Refresh-01.png */ = {isa = PBXFileReference; lastKnownFileType = image.png; path = "Refresh-01.png"; sourceTree = "<group>"; };
		83EB3E5218AEA7D500EA91AC /* Refresh-01@2x.png */ = {isa = PBXFileReference; lastKnownFileType = image.png; path = "Refresh-01@2x.png"; sourceTree = "<group>"; };
		83EB3E5318AEA7D500EA91AC /* Revitalize-01.png */ = {isa = PBXFileReference; lastKnownFileType = image.png; path = "Revitalize-01.png"; sourceTree = "<group>"; };
		83EB3E5418AEA7D500EA91AC /* Revitalize-01@2x.png */ = {isa = PBXFileReference; lastKnownFileType = image.png; path = "Revitalize-01@2x.png"; sourceTree = "<group>"; };
		83EB3E5518AEA7D500EA91AC /* Ventilate-01.png */ = {isa = PBXFileReference; lastKnownFileType = image.png; path = "Ventilate-01.png"; sourceTree = "<group>"; };
		83EB3E5618AEA7D500EA91AC /* Ventilate-01@2x.png */ = {isa = PBXFileReference; lastKnownFileType = image.png; path = "Ventilate-01@2x.png"; sourceTree = "<group>"; };
		83EB3E5918AEA7D500EA91AC /* Protected.png */ = {isa = PBXFileReference; lastKnownFileType = image.png; path = Protected.png; sourceTree = "<group>"; };
		83EB3E5A18AEA7D500EA91AC /* Protected@2x.png */ = {isa = PBXFileReference; lastKnownFileType = image.png; path = "Protected@2x.png"; sourceTree = "<group>"; };
		83EB3E5B18AEA7D500EA91AC /* Unprotected.png */ = {isa = PBXFileReference; lastKnownFileType = image.png; path = Unprotected.png; sourceTree = "<group>"; };
		83EB3E5C18AEA7D500EA91AC /* Unprotected@2x.png */ = {isa = PBXFileReference; lastKnownFileType = image.png; path = "Unprotected@2x.png"; sourceTree = "<group>"; };
		83EB3E8418AEA7D500EA91AC /* Heavy.png */ = {isa = PBXFileReference; lastKnownFileType = image.png; path = Heavy.png; sourceTree = "<group>"; };
		83EB3E8518AEA7D500EA91AC /* Heavy@2x.png */ = {isa = PBXFileReference; lastKnownFileType = image.png; path = "Heavy@2x.png"; sourceTree = "<group>"; };
		83EB3E8718AEA7D500EA91AC /* Light.png */ = {isa = PBXFileReference; lastKnownFileType = image.png; path = Light.png; sourceTree = "<group>"; };
		83EB3E8818AEA7D500EA91AC /* Light@2x.png */ = {isa = PBXFileReference; lastKnownFileType = image.png; path = "Light@2x.png"; sourceTree = "<group>"; };
		83EB3E8918AEA7D500EA91AC /* Medium.png */ = {isa = PBXFileReference; lastKnownFileType = image.png; path = Medium.png; sourceTree = "<group>"; };
		83EB3E8A18AEA7D500EA91AC /* Medium@2x.png */ = {isa = PBXFileReference; lastKnownFileType = image.png; path = "Medium@2x.png"; sourceTree = "<group>"; };
		83EB3E8B18AEA7D500EA91AC /* Spotting.png */ = {isa = PBXFileReference; lastKnownFileType = image.png; path = Spotting.png; sourceTree = "<group>"; };
		83EB3E8C18AEA7D500EA91AC /* Spotting@2x.png */ = {isa = PBXFileReference; lastKnownFileType = image.png; path = "Spotting@2x.png"; sourceTree = "<group>"; };
		83EB3E8E18AEA7D500EA91AC /* Acupressure.png */ = {isa = PBXFileReference; lastKnownFileType = image.png; path = Acupressure.png; sourceTree = "<group>"; };
		83EB3E8F18AEA7D500EA91AC /* Acupressure@2x.png */ = {isa = PBXFileReference; lastKnownFileType = image.png; path = "Acupressure@2x.png"; sourceTree = "<group>"; };
		83EB3E9118AEA7D500EA91AC /* Lifestyle .png */ = {isa = PBXFileReference; lastKnownFileType = image.png; path = "Lifestyle .png"; sourceTree = "<group>"; };
		83EB3E9218AEA7D500EA91AC /* Lifestyle @2x.png */ = {isa = PBXFileReference; lastKnownFileType = image.png; path = "Lifestyle @2x.png"; sourceTree = "<group>"; };
		83EB3E9318AEA7D500EA91AC /* Meditation.png */ = {isa = PBXFileReference; lastKnownFileType = image.png; path = Meditation.png; sourceTree = "<group>"; };
		83EB3E9418AEA7D500EA91AC /* Meditation@2x.png */ = {isa = PBXFileReference; lastKnownFileType = image.png; path = "Meditation@2x.png"; sourceTree = "<group>"; };
		83EB3E9518AEA7D500EA91AC /* Self Massage.png */ = {isa = PBXFileReference; lastKnownFileType = image.png; path = "Self Massage.png"; sourceTree = "<group>"; };
		83EB3E9618AEA7D500EA91AC /* Self Massage@2x.png */ = {isa = PBXFileReference; lastKnownFileType = image.png; path = "Self Massage@2x.png"; sourceTree = "<group>"; };
		83EB3E9918AEA7D500EA91AC /* Negative.png */ = {isa = PBXFileReference; lastKnownFileType = image.png; path = Negative.png; sourceTree = "<group>"; };
		83EB3E9A18AEA7D500EA91AC /* Negative@2x.png */ = {isa = PBXFileReference; lastKnownFileType = image.png; path = "Negative@2x.png"; sourceTree = "<group>"; };
		83EB3E9B18AEA7D500EA91AC /* Positive.png */ = {isa = PBXFileReference; lastKnownFileType = image.png; path = Positive.png; sourceTree = "<group>"; };
		83EB3E9C18AEA7D500EA91AC /* Positive@2x.png */ = {isa = PBXFileReference; lastKnownFileType = image.png; path = "Positive@2x.png"; sourceTree = "<group>"; };
		83EB3E9E18AEA7D500EA91AC /* cal_selected.png */ = {isa = PBXFileReference; lastKnownFileType = image.png; path = cal_selected.png; sourceTree = "<group>"; };
		83EB3E9F18AEA7D500EA91AC /* cal_selected@2x.png */ = {isa = PBXFileReference; lastKnownFileType = image.png; path = "cal_selected@2x.png"; sourceTree = "<group>"; };
		83EB3EA018AEA7D500EA91AC /* cal_unselected.png */ = {isa = PBXFileReference; lastKnownFileType = image.png; path = cal_unselected.png; sourceTree = "<group>"; };
		83EB3EA118AEA7D500EA91AC /* cal_unselected@2x.png */ = {isa = PBXFileReference; lastKnownFileType = image.png; path = "cal_unselected@2x.png"; sourceTree = "<group>"; };
		83EB3EA218AEA7D500EA91AC /* coaching_selected.png */ = {isa = PBXFileReference; lastKnownFileType = image.png; path = coaching_selected.png; sourceTree = "<group>"; };
		83EB3EA318AEA7D500EA91AC /* coaching_selected@2x.png */ = {isa = PBXFileReference; lastKnownFileType = image.png; path = "coaching_selected@2x.png"; sourceTree = "<group>"; };
		83EB3EA418AEA7D500EA91AC /* coaching_unselect.png */ = {isa = PBXFileReference; lastKnownFileType = image.png; path = coaching_unselect.png; sourceTree = "<group>"; };
		83EB3EA518AEA7D500EA91AC /* coaching_unselect@2x.png */ = {isa = PBXFileReference; lastKnownFileType = image.png; path = "coaching_unselect@2x.png"; sourceTree = "<group>"; };
		83EB3EA618AEA7D500EA91AC /* community_selected.png */ = {isa = PBXFileReference; lastKnownFileType = image.png; path = community_selected.png; sourceTree = "<group>"; };
		83EB3EA718AEA7D500EA91AC /* community_selected@2x.png */ = {isa = PBXFileReference; lastKnownFileType = image.png; path = "community_selected@2x.png"; sourceTree = "<group>"; };
		83EB3EA818AEA7D500EA91AC /* community_unselect.png */ = {isa = PBXFileReference; lastKnownFileType = image.png; path = community_unselect.png; sourceTree = "<group>"; };
		83EB3EA918AEA7D500EA91AC /* community_unselect@2x.png */ = {isa = PBXFileReference; lastKnownFileType = image.png; path = "community_unselect@2x.png"; sourceTree = "<group>"; };
		83EB3EAB18AEA7D500EA91AC /* more_selected.png */ = {isa = PBXFileReference; lastKnownFileType = image.png; path = more_selected.png; sourceTree = "<group>"; };
		83EB3EAC18AEA7D500EA91AC /* more_selected@2x.png */ = {isa = PBXFileReference; lastKnownFileType = image.png; path = "more_selected@2x.png"; sourceTree = "<group>"; };
		83EB3EAD18AEA7D500EA91AC /* more_unselect.png */ = {isa = PBXFileReference; lastKnownFileType = image.png; path = more_unselect.png; sourceTree = "<group>"; };
		83EB3EAE18AEA7D500EA91AC /* more_unselect@2x.png */ = {isa = PBXFileReference; lastKnownFileType = image.png; path = "more_unselect@2x.png"; sourceTree = "<group>"; };
		83EB3EAF18AEA7D500EA91AC /* today_selected.png */ = {isa = PBXFileReference; lastKnownFileType = image.png; path = today_selected.png; sourceTree = "<group>"; };
		83EB3EB018AEA7D500EA91AC /* today_selected@2x.png */ = {isa = PBXFileReference; lastKnownFileType = image.png; path = "today_selected@2x.png"; sourceTree = "<group>"; };
		83EB3EB118AEA7D500EA91AC /* today_unselect.png */ = {isa = PBXFileReference; lastKnownFileType = image.png; path = today_unselect.png; sourceTree = "<group>"; };
		83EB3EB218AEA7D500EA91AC /* today_unselect@2x.png */ = {isa = PBXFileReference; lastKnownFileType = image.png; path = "today_unselect@2x.png"; sourceTree = "<group>"; };
		83EB3EB418AEA7D500EA91AC /* Dry.png */ = {isa = PBXFileReference; lastKnownFileType = image.png; path = Dry.png; sourceTree = "<group>"; };
		83EB3EB518AEA7D500EA91AC /* Dry@2x.png */ = {isa = PBXFileReference; lastKnownFileType = image.png; path = "Dry@2x.png"; sourceTree = "<group>"; };
		83EB3EB718AEA7D500EA91AC /* Lube.png */ = {isa = PBXFileReference; lastKnownFileType = image.png; path = Lube.png; sourceTree = "<group>"; };
		83EB3EB818AEA7D500EA91AC /* Lube@2x.png */ = {isa = PBXFileReference; lastKnownFileType = image.png; path = "Lube@2x.png"; sourceTree = "<group>"; };
		83EB3EB918AEA7D500EA91AC /* Wet.png */ = {isa = PBXFileReference; lastKnownFileType = image.png; path = Wet.png; sourceTree = "<group>"; };
		83EB3EBA18AEA7D500EA91AC /* Wet@2x.png */ = {isa = PBXFileReference; lastKnownFileType = image.png; path = "Wet@2x.png"; sourceTree = "<group>"; };
		83EB3F3918AEAD2600EA91AC /* QuartzCore.framework */ = {isa = PBXFileReference; lastKnownFileType = wrapper.framework; name = QuartzCore.framework; path = System/Library/Frameworks/QuartzCore.framework; sourceTree = SDKROOT; };
		C3066C6518983537003F8B84 /* TodayViewController.h */ = {isa = PBXFileReference; fileEncoding = 4; lastKnownFileType = sourcecode.c.h; path = TodayViewController.h; sourceTree = "<group>"; };
		C3066C6618983537003F8B84 /* TodayViewController.m */ = {isa = PBXFileReference; fileEncoding = 4; lastKnownFileType = sourcecode.c.objc; path = TodayViewController.m; sourceTree = "<group>"; };
		C308706618980A4900DC4364 /* UIViewController+Alerts.h */ = {isa = PBXFileReference; fileEncoding = 4; lastKnownFileType = sourcecode.c.h; path = "UIViewController+Alerts.h"; sourceTree = "<group>"; };
		C308706718980A4900DC4364 /* UIViewController+Alerts.m */ = {isa = PBXFileReference; fileEncoding = 4; lastKnownFileType = sourcecode.c.objc; path = "UIViewController+Alerts.m"; sourceTree = "<group>"; };
		C308706918980B1A00DC4364 /* Alert.h */ = {isa = PBXFileReference; fileEncoding = 4; lastKnownFileType = sourcecode.c.h; path = Alert.h; sourceTree = "<group>"; };
		C308706A18980B1A00DC4364 /* Alert.m */ = {isa = PBXFileReference; fileEncoding = 4; lastKnownFileType = sourcecode.c.objc; path = Alert.m; sourceTree = "<group>"; };
		C31220221899BB8E0027C4B3 /* Configuration.h */ = {isa = PBXFileReference; fileEncoding = 4; lastKnownFileType = sourcecode.c.h; path = Configuration.h; sourceTree = "<group>"; };
		C31220231899BB8E0027C4B3 /* Configuration.m */ = {isa = PBXFileReference; fileEncoding = 4; lastKnownFileType = sourcecode.c.objc; path = Configuration.m; sourceTree = "<group>"; };
		C32C4A87189856C100B05009 /* ButtonCell.h */ = {isa = PBXFileReference; fileEncoding = 4; lastKnownFileType = sourcecode.c.h; path = ButtonCell.h; sourceTree = "<group>"; };
		C32C4A88189856C100B05009 /* ButtonCell.m */ = {isa = PBXFileReference; fileEncoding = 4; lastKnownFileType = sourcecode.c.objc; path = ButtonCell.m; sourceTree = "<group>"; };
		C32C4A8A18985A4D00B05009 /* UIViewController+ConnectionManager.h */ = {isa = PBXFileReference; fileEncoding = 4; lastKnownFileType = sourcecode.c.h; path = "UIViewController+ConnectionManager.h"; sourceTree = "<group>"; };
		C32C4A8B18985A4D00B05009 /* UIViewController+ConnectionManager.m */ = {isa = PBXFileReference; fileEncoding = 4; lastKnownFileType = sourcecode.c.objc; path = "UIViewController+ConnectionManager.m"; sourceTree = "<group>"; };
		C32C4A8D18985A7800B05009 /* ConnectionManager.h */ = {isa = PBXFileReference; fileEncoding = 4; lastKnownFileType = sourcecode.c.h; path = ConnectionManager.h; sourceTree = "<group>"; };
		C32C4A8E18985A7800B05009 /* ConnectionManager.m */ = {isa = PBXFileReference; fileEncoding = 4; lastKnownFileType = sourcecode.c.objc; path = ConnectionManager.m; sourceTree = "<group>"; };
		C36C50FB189028190053A884 /* Ovatemp.app */ = {isa = PBXFileReference; explicitFileType = wrapper.application; includeInIndex = 0; path = Ovatemp.app; sourceTree = BUILT_PRODUCTS_DIR; };
		C36C50FE189028190053A884 /* Foundation.framework */ = {isa = PBXFileReference; lastKnownFileType = wrapper.framework; name = Foundation.framework; path = System/Library/Frameworks/Foundation.framework; sourceTree = SDKROOT; };
		C36C5100189028190053A884 /* CoreGraphics.framework */ = {isa = PBXFileReference; lastKnownFileType = wrapper.framework; name = CoreGraphics.framework; path = System/Library/Frameworks/CoreGraphics.framework; sourceTree = SDKROOT; };
		C36C5102189028190053A884 /* UIKit.framework */ = {isa = PBXFileReference; lastKnownFileType = wrapper.framework; name = UIKit.framework; path = System/Library/Frameworks/UIKit.framework; sourceTree = SDKROOT; };
		C36C5106189028190053A884 /* Ovatemp-Info.plist */ = {isa = PBXFileReference; lastKnownFileType = text.plist.xml; path = "Ovatemp-Info.plist"; sourceTree = "<group>"; };
		C36C5108189028190053A884 /* en */ = {isa = PBXFileReference; lastKnownFileType = text.plist.strings; name = en; path = en.lproj/InfoPlist.strings; sourceTree = "<group>"; };
		C36C510A189028190053A884 /* main.m */ = {isa = PBXFileReference; lastKnownFileType = sourcecode.c.objc; path = main.m; sourceTree = "<group>"; };
		C36C510C189028190053A884 /* Ovatemp-Prefix.pch */ = {isa = PBXFileReference; lastKnownFileType = sourcecode.c.h; path = "Ovatemp-Prefix.pch"; sourceTree = "<group>"; };
		C36C510D189028190053A884 /* AppDelegate.h */ = {isa = PBXFileReference; lastKnownFileType = sourcecode.c.h; path = AppDelegate.h; sourceTree = "<group>"; };
		C36C510E189028190053A884 /* AppDelegate.m */ = {isa = PBXFileReference; lastKnownFileType = sourcecode.c.objc; path = AppDelegate.m; sourceTree = "<group>"; };
		C36C5110189028190053A884 /* Images.xcassets */ = {isa = PBXFileReference; lastKnownFileType = folder.assetcatalog; path = Images.xcassets; sourceTree = "<group>"; };
		C3BF8FBD1898409C00572F43 /* OvatempTests.xctest */ = {isa = PBXFileReference; explicitFileType = wrapper.cfbundle; includeInIndex = 0; path = OvatempTests.xctest; sourceTree = BUILT_PRODUCTS_DIR; };
		C3BF8FBE1898409C00572F43 /* XCTest.framework */ = {isa = PBXFileReference; lastKnownFileType = wrapper.framework; name = XCTest.framework; path = Library/Frameworks/XCTest.framework; sourceTree = DEVELOPER_DIR; };
		C3BF8FC41898409C00572F43 /* OvatempTests-Info.plist */ = {isa = PBXFileReference; lastKnownFileType = text.plist.xml; path = "OvatempTests-Info.plist"; sourceTree = "<group>"; };
		C3BF8FC61898409C00572F43 /* en */ = {isa = PBXFileReference; lastKnownFileType = text.plist.strings; name = en; path = en.lproj/InfoPlist.strings; sourceTree = "<group>"; };
		C3BF8FCA1898409C00572F43 /* OvatempTests-Prefix.pch */ = {isa = PBXFileReference; lastKnownFileType = sourcecode.c.h; path = "OvatempTests-Prefix.pch"; sourceTree = "<group>"; };
		C3BF8FD21898415E00572F43 /* FirstLaunchSpec.m */ = {isa = PBXFileReference; fileEncoding = 4; lastKnownFileType = sourcecode.c.objc; path = FirstLaunchSpec.m; sourceTree = "<group>"; };
		C3BF8FD71898421700572F43 /* XCTestCase+KIF.h */ = {isa = PBXFileReference; fileEncoding = 4; lastKnownFileType = sourcecode.c.h; path = "XCTestCase+KIF.h"; sourceTree = "<group>"; };
		C3BF8FD81898421700572F43 /* XCTestCase+KIF.m */ = {isa = PBXFileReference; fileEncoding = 4; lastKnownFileType = sourcecode.c.objc; path = "XCTestCase+KIF.m"; sourceTree = "<group>"; };
		C3BF8FDB1898449D00572F43 /* OvatempTestHelpers.h */ = {isa = PBXFileReference; fileEncoding = 4; lastKnownFileType = sourcecode.c.h; path = OvatempTestHelpers.h; sourceTree = "<group>"; };
		C3BF8FDC1898449D00572F43 /* OvatempTestHelpers.m */ = {isa = PBXFileReference; fileEncoding = 4; lastKnownFileType = sourcecode.c.objc; path = OvatempTestHelpers.m; sourceTree = "<group>"; };
		C3BF8FDE1898452F00572F43 /* SessionViewController.h */ = {isa = PBXFileReference; fileEncoding = 4; lastKnownFileType = sourcecode.c.h; path = SessionViewController.h; sourceTree = "<group>"; };
		C3BF8FDF1898452F00572F43 /* SessionViewController.m */ = {isa = PBXFileReference; fileEncoding = 4; lastKnownFileType = sourcecode.c.objc; path = SessionViewController.m; sourceTree = "<group>"; };
		C3BF8FE11898454300572F43 /* SessionViewController.xib */ = {isa = PBXFileReference; fileEncoding = 4; lastKnownFileType = file.xib; path = SessionViewController.xib; sourceTree = "<group>"; };
		C3BF8FE3189848CE00572F43 /* BaseModel.h */ = {isa = PBXFileReference; fileEncoding = 4; lastKnownFileType = sourcecode.c.h; path = BaseModel.h; sourceTree = "<group>"; };
		C3BF8FE4189848CE00572F43 /* BaseModel.m */ = {isa = PBXFileReference; fileEncoding = 4; lastKnownFileType = sourcecode.c.objc; path = BaseModel.m; sourceTree = "<group>"; };
		C3BF8FE618984AC200572F43 /* User.h */ = {isa = PBXFileReference; fileEncoding = 4; lastKnownFileType = sourcecode.c.h; path = User.h; sourceTree = "<group>"; };
		C3BF8FE718984AC200572F43 /* User.m */ = {isa = PBXFileReference; fileEncoding = 4; lastKnownFileType = sourcecode.c.objc; path = User.m; sourceTree = "<group>"; };
		C3BF8FE918984B9700572F43 /* TextFieldCell.h */ = {isa = PBXFileReference; fileEncoding = 4; lastKnownFileType = sourcecode.c.h; path = TextFieldCell.h; sourceTree = "<group>"; };
		C3BF8FEA18984B9700572F43 /* TextFieldCell.m */ = {isa = PBXFileReference; fileEncoding = 4; lastKnownFileType = sourcecode.c.objc; path = TextFieldCell.m; sourceTree = "<group>"; };
		C3D4F34F189835CC00CBB91A /* UIViewController+WithNavigation.h */ = {isa = PBXFileReference; fileEncoding = 4; lastKnownFileType = sourcecode.c.h; path = "UIViewController+WithNavigation.h"; sourceTree = "<group>"; };
		C3D4F350189835CC00CBB91A /* UIViewController+WithNavigation.m */ = {isa = PBXFileReference; fileEncoding = 4; lastKnownFileType = sourcecode.c.objc; path = "UIViewController+WithNavigation.m"; sourceTree = "<group>"; };
		C3D4F35218983B9C00CBB91A /* Constants.h */ = {isa = PBXFileReference; fileEncoding = 4; lastKnownFileType = sourcecode.c.h; path = Constants.h; sourceTree = "<group>"; };
		C3D4F35318983B9C00CBB91A /* Constants.m */ = {isa = PBXFileReference; fileEncoding = 4; lastKnownFileType = sourcecode.c.objc; path = Constants.m; sourceTree = "<group>"; };
		DA450FC5E9904FF093E24AC1 /* Pods-Ovatemp.xcconfig */ = {isa = PBXFileReference; includeInIndex = 1; lastKnownFileType = text.xcconfig; name = "Pods-Ovatemp.xcconfig"; path = "Pods/Pods-Ovatemp.xcconfig"; sourceTree = "<group>"; };
		F43F1F4F22DB4267A95469D4 /* libPods-Ovatemp.a */ = {isa = PBXFileReference; explicitFileType = archive.ar; includeInIndex = 0; path = "libPods-Ovatemp.a"; sourceTree = BUILT_PRODUCTS_DIR; };
		FAA41CA4FF684F1FADD9F160 /* libPods-OvatempTests.a */ = {isa = PBXFileReference; explicitFileType = archive.ar; includeInIndex = 0; path = "libPods-OvatempTests.a"; sourceTree = BUILT_PRODUCTS_DIR; };
/* End PBXFileReference section */

/* Begin PBXFrameworksBuildPhase section */
		C36C50F8189028190053A884 /* Frameworks */ = {
			isa = PBXFrameworksBuildPhase;
			buildActionMask = 2147483647;
			files = (
				83EB3F3A18AEAD2600EA91AC /* QuartzCore.framework in Frameworks */,
				C36C5101189028190053A884 /* CoreGraphics.framework in Frameworks */,
				C36C5103189028190053A884 /* UIKit.framework in Frameworks */,
				C36C50FF189028190053A884 /* Foundation.framework in Frameworks */,
				D18C51F548DA4E59B785DE16 /* libPods-Ovatemp.a in Frameworks */,
			);
			runOnlyForDeploymentPostprocessing = 0;
		};
		C3BF8FBA1898409C00572F43 /* Frameworks */ = {
			isa = PBXFrameworksBuildPhase;
			buildActionMask = 2147483647;
			files = (
				C3BF8FBF1898409C00572F43 /* XCTest.framework in Frameworks */,
				C3BF8FC11898409C00572F43 /* UIKit.framework in Frameworks */,
				C3BF8FC01898409C00572F43 /* Foundation.framework in Frameworks */,
				9C4D13D86AB546AD9A46ADE4 /* libPods-OvatempTests.a in Frameworks */,
			);
			runOnlyForDeploymentPostprocessing = 0;
		};
/* End PBXFrameworksBuildPhase section */

/* Begin PBXGroup section */
		832934B818B7D93200F6875B /* MedsMoodsSupplements */ = {
			isa = PBXGroup;
			children = (
				835BA2B718BBEFBF00C64350 /* +.png */,
				835BA2B818BBEFBF00C64350 /* +@2x.png */,
				832934B918B7D93200F6875B /* Amazing.png */,
				832934BA18B7D93200F6875B /* Amazing@2x.png */,
				832934BB18B7D93200F6875B /* Good.png */,
				832934BC18B7D93200F6875B /* Good@2x.png */,
				832934BD18B7D93200F6875B /* Medicines.png */,
				832934BE18B7D93200F6875B /* Medicines@2x.png */,
				832934BF18B7D93200F6875B /* Sad.png */,
				832934C018B7D93200F6875B /* Sad@2x.png */,
				832934C118B7D93200F6875B /* Supplements.png */,
				832934C218B7D93200F6875B /* Supplements@2x.png */,
				832934C318B7D93200F6875B /* Symptoms.png */,
				832934C418B7D93200F6875B /* Symptoms@2x.png */,
				832934C518B7D93200F6875B /* Worried.png */,
				832934C618B7D93200F6875B /* Worried@2x.png */,
			);
			path = MedsMoodsSupplements;
			sourceTree = "<group>";
		};
		834BD64318AEA1A4003B6808 /* Images */ = {
			isa = PBXGroup;
			children = (
				83C6511018C91B7500F35CE5 /* BackArrow.png */,
				83C6511118C91B7500F35CE5 /* BackArrow@2x.png */,
				83C6511218C91B7500F35CE5 /* ForwardArrow.png */,
				83C6511318C91B7500F35CE5 /* ForwardArrow@2x.png */,
				832934B818B7D93200F6875B /* MedsMoodsSupplements */,
				835AE58918B7A51700FEAF98 /* CheckBox.png */,
				835AE58A18B7A51700FEAF98 /* CheckBox@2x.png */,
				83EB3E3318AEA7D500EA91AC /* CervicalFluid */,
				83EB3E4718AEA7D500EA91AC /* FertilityProfile */,
				83EB3E5718AEA7D500EA91AC /* Intercourse */,
				83EB3E8318AEA7D500EA91AC /* PeriodIcons */,
				83EB3E8D18AEA7D500EA91AC /* PlanActivities */,
				83EB3E9718AEA7D500EA91AC /* PositiveNegative */,
				83EB3E9D18AEA7D500EA91AC /* TabBar */,
				83EB3EB318AEA7D500EA91AC /* VaginalSensation */,
			);
			path = Images;
			sourceTree = "<group>";
		};
		839A345518ABCB14007CD657 /* DayCells */ = {
			isa = PBXGroup;
			children = (
				8328B75B18AC002800DA7A5E /* FluidDayCell.h */,
				8328B75C18AC002800DA7A5E /* FluidDayCell.m */,
				8328B75E18AC003700DA7A5E /* FluidDayCell.xib */,
				8328B76818AC009C00DA7A5E /* IntercourseDayCell.h */,
				8328B76918AC009C00DA7A5E /* IntercourseDayCell.m */,
				8328B76018AC004300DA7A5E /* IntercourseDayCell.xib */,
				839A346618ABF385007CD657 /* PeriodDayCell.h */,
				839A346718ABF385007CD657 /* PeriodDayCell.m */,
				839A346918ABF3B3007CD657 /* PeriodDayCell.xib */,
				8328B76B18AC00A800DA7A5E /* SignsDayCell.h */,
				8328B76C18AC00A800DA7A5E /* SignsDayCell.m */,
				8328B76618AC008700DA7A5E /* SignsDayCell.xib */,
				8328B76E18AC00B500DA7A5E /* SupplementsDayCell.h */,
				8328B76F18AC00B500DA7A5E /* SupplementsDayCell.m */,
				8328B76418AC006C00DA7A5E /* SupplementsDayCell.xib */,
				8328B77118AC00CD00DA7A5E /* SymptomsDayCell.h */,
				8328B77218AC00CD00DA7A5E /* SymptomsDayCell.m */,
				8328B76218AC005A00DA7A5E /* SymptomsDayCell.xib */,
				8328B75818ABFD9400DA7A5E /* TemperatureDayCell.h */,
				8328B75918ABFD9400DA7A5E /* TemperatureDayCell.m */,
				8328B75618ABFD6D00DA7A5E /* TemperatureDayCell.xib */,
			);
			name = DayCells;
			sourceTree = "<group>";
		};
		839A345918ABCB91007CD657 /* Shared */ = {
			isa = PBXGroup;
			children = (
				839A345B18ABCBAD007CD657 /* Calendar.h */,
				839A345C18ABCBAD007CD657 /* Calendar.m */,
			);
			name = Shared;
			sourceTree = "<group>";
		};
		83EB3E3318AEA7D500EA91AC /* CervicalFluid */ = {
			isa = PBXGroup;
			children = (
				83EB3E3418AEA7D500EA91AC /* Creamy.png */,
				83EB3E3518AEA7D500EA91AC /* Creamy@2x.png */,
				83EB3E3618AEA7D500EA91AC /* Eggwhite.png */,
				83EB3E3718AEA7D500EA91AC /* Eggwhite@2x.png */,
				83EB3E3918AEA7D500EA91AC /* Sticky.png */,
				83EB3E3A18AEA7D500EA91AC /* Sticky@2x.png */,
			);
			path = CervicalFluid;
			sourceTree = "<group>";
		};
		83EB3E4718AEA7D500EA91AC /* FertilityProfile */ = {
			isa = PBXGroup;
			children = (
				83EB3E4818AEA7D500EA91AC /* Activate.png */,
				83EB3E4918AEA7D500EA91AC /* Activate@2x.png */,
				83EB3E4A18AEA7D500EA91AC /* Energize-01.png */,
				83EB3E4B18AEA7D500EA91AC /* Energize-01@2x.png */,
				83EB3E4C18AEA7D500EA91AC /* Hydrate-01.png */,
				83EB3E4D18AEA7D500EA91AC /* Hydrate-01@2x.png */,
				83EB3E4F18AEA7D500EA91AC /* Nourish-01.png */,
				83EB3E5018AEA7D500EA91AC /* Nourish-01@2x.png */,
				83EB3E5118AEA7D500EA91AC /* Refresh-01.png */,
				83EB3E5218AEA7D500EA91AC /* Refresh-01@2x.png */,
				83EB3E5318AEA7D500EA91AC /* Revitalize-01.png */,
				83EB3E5418AEA7D500EA91AC /* Revitalize-01@2x.png */,
				83EB3E5518AEA7D500EA91AC /* Ventilate-01.png */,
				83EB3E5618AEA7D500EA91AC /* Ventilate-01@2x.png */,
			);
			path = FertilityProfile;
			sourceTree = "<group>";
		};
		83EB3E5718AEA7D500EA91AC /* Intercourse */ = {
			isa = PBXGroup;
			children = (
				83EB3E5918AEA7D500EA91AC /* Protected.png */,
				83EB3E5A18AEA7D500EA91AC /* Protected@2x.png */,
				83EB3E5B18AEA7D500EA91AC /* Unprotected.png */,
				83EB3E5C18AEA7D500EA91AC /* Unprotected@2x.png */,
			);
			path = Intercourse;
			sourceTree = "<group>";
		};
		83EB3E8318AEA7D500EA91AC /* PeriodIcons */ = {
			isa = PBXGroup;
			children = (
				83EB3E8418AEA7D500EA91AC /* Heavy.png */,
				83EB3E8518AEA7D500EA91AC /* Heavy@2x.png */,
				83EB3E8718AEA7D500EA91AC /* Light.png */,
				83EB3E8818AEA7D500EA91AC /* Light@2x.png */,
				83EB3E8918AEA7D500EA91AC /* Medium.png */,
				83EB3E8A18AEA7D500EA91AC /* Medium@2x.png */,
				83EB3E8B18AEA7D500EA91AC /* Spotting.png */,
				83EB3E8C18AEA7D500EA91AC /* Spotting@2x.png */,
			);
			path = PeriodIcons;
			sourceTree = "<group>";
		};
		83EB3E8D18AEA7D500EA91AC /* PlanActivities */ = {
			isa = PBXGroup;
			children = (
				83EB3E8E18AEA7D500EA91AC /* Acupressure.png */,
				83EB3E8F18AEA7D500EA91AC /* Acupressure@2x.png */,
				83EB3E9118AEA7D500EA91AC /* Lifestyle .png */,
				83EB3E9218AEA7D500EA91AC /* Lifestyle @2x.png */,
				83EB3E9318AEA7D500EA91AC /* Meditation.png */,
				83EB3E9418AEA7D500EA91AC /* Meditation@2x.png */,
				83EB3E9518AEA7D500EA91AC /* Self Massage.png */,
				83EB3E9618AEA7D500EA91AC /* Self Massage@2x.png */,
			);
			path = PlanActivities;
			sourceTree = "<group>";
		};
		83EB3E9718AEA7D500EA91AC /* PositiveNegative */ = {
			isa = PBXGroup;
			children = (
				83EB3E9918AEA7D500EA91AC /* Negative.png */,
				83EB3E9A18AEA7D500EA91AC /* Negative@2x.png */,
				83EB3E9B18AEA7D500EA91AC /* Positive.png */,
				83EB3E9C18AEA7D500EA91AC /* Positive@2x.png */,
			);
			path = PositiveNegative;
			sourceTree = "<group>";
		};
		83EB3E9D18AEA7D500EA91AC /* TabBar */ = {
			isa = PBXGroup;
			children = (
				83EB3E9E18AEA7D500EA91AC /* cal_selected.png */,
				83EB3E9F18AEA7D500EA91AC /* cal_selected@2x.png */,
				83EB3EA018AEA7D500EA91AC /* cal_unselected.png */,
				83EB3EA118AEA7D500EA91AC /* cal_unselected@2x.png */,
				83EB3EA218AEA7D500EA91AC /* coaching_selected.png */,
				83EB3EA318AEA7D500EA91AC /* coaching_selected@2x.png */,
				83EB3EA418AEA7D500EA91AC /* coaching_unselect.png */,
				83EB3EA518AEA7D500EA91AC /* coaching_unselect@2x.png */,
				83EB3EA618AEA7D500EA91AC /* community_selected.png */,
				83EB3EA718AEA7D500EA91AC /* community_selected@2x.png */,
				83EB3EA818AEA7D500EA91AC /* community_unselect.png */,
				83EB3EA918AEA7D500EA91AC /* community_unselect@2x.png */,
				83EB3EAB18AEA7D500EA91AC /* more_selected.png */,
				83EB3EAC18AEA7D500EA91AC /* more_selected@2x.png */,
				83EB3EAD18AEA7D500EA91AC /* more_unselect.png */,
				83EB3EAE18AEA7D500EA91AC /* more_unselect@2x.png */,
				83EB3EAF18AEA7D500EA91AC /* today_selected.png */,
				83EB3EB018AEA7D500EA91AC /* today_selected@2x.png */,
				83EB3EB118AEA7D500EA91AC /* today_unselect.png */,
				83EB3EB218AEA7D500EA91AC /* today_unselect@2x.png */,
			);
			path = TabBar;
			sourceTree = "<group>";
		};
		83EB3EB318AEA7D500EA91AC /* VaginalSensation */ = {
			isa = PBXGroup;
			children = (
				83EB3EB418AEA7D500EA91AC /* Dry.png */,
				83EB3EB518AEA7D500EA91AC /* Dry@2x.png */,
				83EB3EB718AEA7D500EA91AC /* Lube.png */,
				83EB3EB818AEA7D500EA91AC /* Lube@2x.png */,
				83EB3EB918AEA7D500EA91AC /* Wet.png */,
				83EB3EBA18AEA7D500EA91AC /* Wet@2x.png */,
			);
			path = VaginalSensation;
			sourceTree = "<group>";
		};
		C308705918980A2E00DC4364 /* Categories */ = {
			isa = PBXGroup;
			children = (
				C308706618980A4900DC4364 /* UIViewController+Alerts.h */,
				C308706718980A4900DC4364 /* UIViewController+Alerts.m */,
				C32C4A8A18985A4D00B05009 /* UIViewController+ConnectionManager.h */,
				C32C4A8B18985A4D00B05009 /* UIViewController+ConnectionManager.m */,
				C3D4F34F189835CC00CBB91A /* UIViewController+WithNavigation.h */,
				C3D4F350189835CC00CBB91A /* UIViewController+WithNavigation.m */,
				834BD63C18AD4B5B003B6808 /* NSDate+ShortDate.h */,
				834BD63D18AD4B5B003B6808 /* NSDate+ShortDate.m */,
				835BA2B418BBDC0200C64350 /* UIAlertView+WithBlock.h */,
				835BA2B518BBDC0200C64350 /* UIAlertView+WithBlock.m */,
			);
			path = Categories;
			sourceTree = "<group>";
		};
		C308705A18980A2E00DC4364 /* Controllers */ = {
			isa = PBXGroup;
			children = (
				C3BF8FDE1898452F00572F43 /* SessionViewController.h */,
				C3BF8FDF1898452F00572F43 /* SessionViewController.m */,
				C3066C6518983537003F8B84 /* TodayViewController.h */,
				C3066C6618983537003F8B84 /* TodayViewController.m */,
				839A345E18ABCFB6007CD657 /* NavigationViewController.h */,
				839A345F18ABCFB6007CD657 /* NavigationViewController.m */,
				834BD63318AD1519003B6808 /* MoreViewController.h */,
				834BD63418AD1519003B6808 /* MoreViewController.m */,
				834BD63618AD164E003B6808 /* SessionController.h */,
				834BD63718AD164E003B6808 /* SessionController.m */,
			);
			path = Controllers;
			sourceTree = "<group>";
		};
		C308705C18980A2E00DC4364 /* Controls */ = {
			isa = PBXGroup;
			children = (
				C308706918980B1A00DC4364 /* Alert.h */,
				C308706A18980B1A00DC4364 /* Alert.m */,
				C32C4A87189856C100B05009 /* ButtonCell.h */,
				C32C4A88189856C100B05009 /* ButtonCell.m */,
				C3BF8FE918984B9700572F43 /* TextFieldCell.h */,
				C3BF8FEA18984B9700572F43 /* TextFieldCell.m */,
				834BD63F18AD6590003B6808 /* DayToggleButton.h */,
				834BD64018AD6590003B6808 /* DayToggleButton.m */,
				8315E49918C13F9B00DA935A /* OTScrollView.h */,
				8315E49A18C13F9B00DA935A /* OTScrollView.m */,
			);
			path = Controls;
			sourceTree = "<group>";
		};
		C308705E18980A2E00DC4364 /* Models */ = {
			isa = PBXGroup;
			children = (
				C3BF8FE3189848CE00572F43 /* BaseModel.h */,
				C3BF8FE4189848CE00572F43 /* BaseModel.m */,
				C3BF8FE618984AC200572F43 /* User.h */,
				C3BF8FE718984AC200572F43 /* User.m */,
				C31220221899BB8E0027C4B3 /* Configuration.h */,
				C31220231899BB8E0027C4B3 /* Configuration.m */,
				C32C4A8D18985A7800B05009 /* ConnectionManager.h */,
				C32C4A8E18985A7800B05009 /* ConnectionManager.m */,
				834BD63918AD29EA003B6808 /* Day.h */,
				834BD63A18AD29EA003B6808 /* Day.m */,
				8329353318B7F85B00F6875B /* Supplement.h */,
				8329353418B7F85B00F6875B /* Supplement.m */,
				8329353618B7FD1700F6875B /* Medicine.h */,
				8329353718B7FD1700F6875B /* Medicine.m */,
				8329353918B7FD2600F6875B /* Symptom.h */,
				8329353A18B7FD2600F6875B /* Symptom.m */,
				835BA2B118BBCB8300C64350 /* SharedRelation.h */,
				835BA2B218BBCB8300C64350 /* SharedRelation.m */,
			);
			path = Models;
			sourceTree = "<group>";
		};
		C308706018980A2E00DC4364 /* Views */ = {
			isa = PBXGroup;
			children = (
				8328B77418AC034900DA7A5E /* DayCell.h */,
				8328B77518AC034900DA7A5E /* DayCell.m */,
				839A345518ABCB14007CD657 /* DayCells */,
				835AE58418B7A36000FEAF98 /* CheckCell.h */,
				835AE58518B7A36000FEAF98 /* CheckCell.m */,
				839A346018ABCFB6007CD657 /* NavigationViewController.xib */,
				C3BF8FE11898454300572F43 /* SessionViewController.xib */,
				834BD63118AD1363003B6808 /* MoreStoryboard.storyboard */,
				835AE58718B7A3B500FEAF98 /* CheckCell.xib */,
				836A6C9B18BF819E0068F1D2 /* CycleChartView.h */,
				836A6C9C18BF819E0068F1D2 /* CycleChartView.m */,
				8387260E18CA12C800A3277C /* FertilityStatusView.h */,
				8387260F18CA12C800A3277C /* FertilityStatusView.m */,
			);
			path = Views;
			sourceTree = "<group>";
		};
		C36C50F2189028190053A884 = {
			isa = PBXGroup;
			children = (
				C36C5104189028190053A884 /* Ovatemp */,
				C3BF8FC21898409C00572F43 /* OvatempTests */,
				C36C50FD189028190053A884 /* Frameworks */,
				C36C50FC189028190053A884 /* Products */,
				DA450FC5E9904FF093E24AC1 /* Pods-Ovatemp.xcconfig */,
				803928D684F54DB4A5F86E42 /* Pods-OvatempTests.xcconfig */,
			);
			sourceTree = "<group>";
		};
		C36C50FC189028190053A884 /* Products */ = {
			isa = PBXGroup;
			children = (
				C36C50FB189028190053A884 /* Ovatemp.app */,
				C3BF8FBD1898409C00572F43 /* OvatempTests.xctest */,
			);
			name = Products;
			sourceTree = "<group>";
		};
		C36C50FD189028190053A884 /* Frameworks */ = {
			isa = PBXGroup;
			children = (
				83EB3F3918AEAD2600EA91AC /* QuartzCore.framework */,
				C36C50FE189028190053A884 /* Foundation.framework */,
				C36C5100189028190053A884 /* CoreGraphics.framework */,
				C36C5102189028190053A884 /* UIKit.framework */,
				F43F1F4F22DB4267A95469D4 /* libPods-Ovatemp.a */,
				FAA41CA4FF684F1FADD9F160 /* libPods-OvatempTests.a */,
				C3BF8FBE1898409C00572F43 /* XCTest.framework */,
			);
			name = Frameworks;
			sourceTree = "<group>";
		};
		C36C5104189028190053A884 /* Ovatemp */ = {
			isa = PBXGroup;
			children = (
				834BD64318AEA1A4003B6808 /* Images */,
				839A345918ABCB91007CD657 /* Shared */,
				C308705918980A2E00DC4364 /* Categories */,
				C308705A18980A2E00DC4364 /* Controllers */,
				C308705C18980A2E00DC4364 /* Controls */,
				C308705E18980A2E00DC4364 /* Models */,
				C308706018980A2E00DC4364 /* Views */,
				C36C510D189028190053A884 /* AppDelegate.h */,
				C36C510E189028190053A884 /* AppDelegate.m */,
				C3D4F35218983B9C00CBB91A /* Constants.h */,
				C3D4F35318983B9C00CBB91A /* Constants.m */,
				C36C5110189028190053A884 /* Images.xcassets */,
				C36C5105189028190053A884 /* Supporting Files */,
			);
			path = Ovatemp;
			sourceTree = "<group>";
		};
		C36C5105189028190053A884 /* Supporting Files */ = {
			isa = PBXGroup;
			children = (
				C36C5106189028190053A884 /* Ovatemp-Info.plist */,
				C36C5107189028190053A884 /* InfoPlist.strings */,
				C36C510A189028190053A884 /* main.m */,
				C36C510C189028190053A884 /* Ovatemp-Prefix.pch */,
			);
			name = "Supporting Files";
			sourceTree = "<group>";
		};
		C3BF8FC21898409C00572F43 /* OvatempTests */ = {
			isa = PBXGroup;
			children = (
				C3BF8FDA1898448B00572F43 /* Helpers */,
				C3BF8FD01898414B00572F43 /* Integration */,
				C3BF8FD11898414B00572F43 /* Unit */,
				C3BF8FC31898409C00572F43 /* Supporting Files */,
			);
			path = OvatempTests;
			sourceTree = "<group>";
		};
		C3BF8FC31898409C00572F43 /* Supporting Files */ = {
			isa = PBXGroup;
			children = (
				C3BF8FC41898409C00572F43 /* OvatempTests-Info.plist */,
				C3BF8FC51898409C00572F43 /* InfoPlist.strings */,
				C3BF8FCA1898409C00572F43 /* OvatempTests-Prefix.pch */,
			);
			name = "Supporting Files";
			sourceTree = "<group>";
		};
		C3BF8FD01898414B00572F43 /* Integration */ = {
			isa = PBXGroup;
			children = (
				C3BF8FD21898415E00572F43 /* FirstLaunchSpec.m */,
				83548FF118BD24450016B53A /* TodaySpec.m */,
				8315E49D18C521A800DA935A /* SessionSpec.m */,
			);
			path = Integration;
			sourceTree = "<group>";
		};
		C3BF8FD11898414B00572F43 /* Unit */ = {
			isa = PBXGroup;
			children = (
			);
			path = Unit;
			sourceTree = "<group>";
		};
		C3BF8FDA1898448B00572F43 /* Helpers */ = {
			isa = PBXGroup;
			children = (
				C3BF8FD71898421700572F43 /* XCTestCase+KIF.h */,
				C3BF8FD81898421700572F43 /* XCTestCase+KIF.m */,
				C3BF8FDB1898449D00572F43 /* OvatempTestHelpers.h */,
				C3BF8FDC1898449D00572F43 /* OvatempTestHelpers.m */,
			);
			name = Helpers;
			sourceTree = "<group>";
		};
/* End PBXGroup section */

/* Begin PBXNativeTarget section */
		C36C50FA189028190053A884 /* Ovatemp */ = {
			isa = PBXNativeTarget;
			buildConfigurationList = C36C5127189028190053A884 /* Build configuration list for PBXNativeTarget "Ovatemp" */;
			buildPhases = (
				74D18865B0EC4AF2A2E2D279 /* Check Pods Manifest.lock */,
				C36C50F7189028190053A884 /* Sources */,
				C36C50F8189028190053A884 /* Frameworks */,
				C36C50F9189028190053A884 /* Resources */,
				D1404E78B4F943EA9CBAE27C /* Copy Pods Resources */,
			);
			buildRules = (
			);
			dependencies = (
			);
			name = Ovatemp;
			productName = Ovatemp;
			productReference = C36C50FB189028190053A884 /* Ovatemp.app */;
			productType = "com.apple.product-type.application";
		};
		C3BF8FBC1898409C00572F43 /* OvatempTests */ = {
			isa = PBXNativeTarget;
			buildConfigurationList = C3BF8FCD1898409C00572F43 /* Build configuration list for PBXNativeTarget "OvatempTests" */;
			buildPhases = (
				6420B04BCD564CD9AA2B129C /* Check Pods Manifest.lock */,
				C3BF8FB91898409C00572F43 /* Sources */,
				C3BF8FBA1898409C00572F43 /* Frameworks */,
				C3BF8FBB1898409C00572F43 /* Resources */,
				AFE9AE02548D4C00A64C5EF6 /* Copy Pods Resources */,
			);
			buildRules = (
			);
			dependencies = (
				C3BF8FCC1898409C00572F43 /* PBXTargetDependency */,
			);
			name = OvatempTests;
			productName = OvatempTests;
			productReference = C3BF8FBD1898409C00572F43 /* OvatempTests.xctest */;
			productType = "com.apple.product-type.bundle.unit-test";
		};
/* End PBXNativeTarget section */

/* Begin PBXProject section */
		C36C50F3189028190053A884 /* Project object */ = {
			isa = PBXProject;
			attributes = {
				LastUpgradeCheck = 0500;
				ORGANIZATIONNAME = "Back Forty";
				TargetAttributes = {
					C36C50FA189028190053A884 = {
						DevelopmentTeam = MC934XNWAV;
					};
					C3BF8FBC1898409C00572F43 = {
						TestTargetID = C36C50FA189028190053A884;
					};
				};
			};
			buildConfigurationList = C36C50F6189028190053A884 /* Build configuration list for PBXProject "Ovatemp" */;
			compatibilityVersion = "Xcode 3.2";
			developmentRegion = English;
			hasScannedForEncodings = 0;
			knownRegions = (
				en,
			);
			mainGroup = C36C50F2189028190053A884;
			productRefGroup = C36C50FC189028190053A884 /* Products */;
			projectDirPath = "";
			projectRoot = "";
			targets = (
				C36C50FA189028190053A884 /* Ovatemp */,
				C3BF8FBC1898409C00572F43 /* OvatempTests */,
			);
		};
/* End PBXProject section */

/* Begin PBXResourcesBuildPhase section */
		C36C50F9189028190053A884 /* Resources */ = {
			isa = PBXResourcesBuildPhase;
			buildActionMask = 2147483647;
			files = (
				83EB3EBE18AEA7D500EA91AC /* Eggwhite@2x.png in Resources */,
				83EB3F0618AEA7D500EA91AC /* Heavy.png in Resources */,
				83EB3F0C18AEA7D500EA91AC /* Medium@2x.png in Resources */,
				832934C818B7D93200F6875B /* Amazing@2x.png in Resources */,
				83EB3F0E18AEA7D500EA91AC /* Spotting@2x.png in Resources */,
				83EB3ED118AEA7D500EA91AC /* Hydrate-01.png in Resources */,
				835AE58818B7A3B500FEAF98 /* CheckCell.xib in Resources */,
				83EB3EDD18AEA7D500EA91AC /* Protected.png in Resources */,
				83EB3F2518AEA7D500EA91AC /* community_selected.png in Resources */,
				8328B76118AC004300DA7A5E /* IntercourseDayCell.xib in Resources */,
				83EB3F2C18AEA7D500EA91AC /* more_unselect.png in Resources */,
				83EB3F1B18AEA7D500EA91AC /* Positive.png in Resources */,
				832934C918B7D93200F6875B /* Good.png in Resources */,
				83EB3F0D18AEA7D500EA91AC /* Spotting.png in Resources */,
				835AE58C18B7A51700FEAF98 /* CheckBox@2x.png in Resources */,
				83EB3F1718AEA7D500EA91AC /* Self Massage@2x.png in Resources */,
				C3BF8FE21898454300572F43 /* SessionViewController.xib in Resources */,
				83EB3F1018AEA7D500EA91AC /* Acupressure@2x.png in Resources */,
				83EB3F3518AEA7D500EA91AC /* Lube.png in Resources */,
				83EB3F1D18AEA7D500EA91AC /* cal_selected.png in Resources */,
				83EB3F1618AEA7D500EA91AC /* Self Massage.png in Resources */,
				83EB3EC118AEA7D500EA91AC /* Sticky@2x.png in Resources */,
				83EB3F3618AEA7D500EA91AC /* Lube@2x.png in Resources */,
				83EB3F1F18AEA7D500EA91AC /* cal_unselected.png in Resources */,
				83EB3ED918AEA7D500EA91AC /* Revitalize-01@2x.png in Resources */,
				83EB3F2418AEA7D500EA91AC /* coaching_unselect@2x.png in Resources */,
				83EB3ECF18AEA7D500EA91AC /* Energize-01.png in Resources */,
				83EB3EC018AEA7D500EA91AC /* Sticky.png in Resources */,
				835BA2BA18BBEFBF00C64350 /* +@2x.png in Resources */,
				8328B75718ABFD6D00DA7A5E /* TemperatureDayCell.xib in Resources */,
				83EB3ED018AEA7D500EA91AC /* Energize-01@2x.png in Resources */,
				83EB3F3818AEA7D500EA91AC /* Wet@2x.png in Resources */,
				835BA2B918BBEFBF00C64350 /* +.png in Resources */,
				8328B76518AC006C00DA7A5E /* SupplementsDayCell.xib in Resources */,
				83EB3F2218AEA7D500EA91AC /* coaching_selected@2x.png in Resources */,
				83EB3F3318AEA7D500EA91AC /* Dry@2x.png in Resources */,
				83EB3F2818AEA7D500EA91AC /* community_unselect@2x.png in Resources */,
				834BD63218AD1363003B6808 /* MoreStoryboard.storyboard in Resources */,
				832934D218B7D93200F6875B /* Symptoms@2x.png in Resources */,
				83EB3F1C18AEA7D500EA91AC /* Positive@2x.png in Resources */,
				832934D318B7D93200F6875B /* Worried.png in Resources */,
				83EB3F3218AEA7D500EA91AC /* Dry.png in Resources */,
				832934CF18B7D93200F6875B /* Supplements.png in Resources */,
				83EB3EDF18AEA7D500EA91AC /* Unprotected.png in Resources */,
				83EB3EDB18AEA7D500EA91AC /* Ventilate-01@2x.png in Resources */,
				8328B76318AC005A00DA7A5E /* SymptomsDayCell.xib in Resources */,
				83EB3EE018AEA7D500EA91AC /* Unprotected@2x.png in Resources */,
				83EB3F1418AEA7D500EA91AC /* Meditation.png in Resources */,
				83EB3EBD18AEA7D500EA91AC /* Eggwhite.png in Resources */,
				83EB3F2018AEA7D500EA91AC /* cal_unselected@2x.png in Resources */,
				83EB3F2D18AEA7D500EA91AC /* more_unselect@2x.png in Resources */,
				839A346A18ABF3B3007CD657 /* PeriodDayCell.xib in Resources */,
				83EB3EBC18AEA7D500EA91AC /* Creamy@2x.png in Resources */,
				832934D418B7D93200F6875B /* Worried@2x.png in Resources */,
				83EB3EBB18AEA7D500EA91AC /* Creamy.png in Resources */,
				832934CE18B7D93200F6875B /* Sad@2x.png in Resources */,
				83EB3ED418AEA7D500EA91AC /* Nourish-01.png in Resources */,
				83EB3F1918AEA7D500EA91AC /* Negative.png in Resources */,
				832934D018B7D93200F6875B /* Supplements@2x.png in Resources */,
				832934CB18B7D93200F6875B /* Medicines.png in Resources */,
				83EB3F2E18AEA7D500EA91AC /* today_selected.png in Resources */,
				8328B75F18AC003700DA7A5E /* FluidDayCell.xib in Resources */,
				835AE58B18B7A51700FEAF98 /* CheckBox.png in Resources */,
				83EB3F0A18AEA7D500EA91AC /* Light@2x.png in Resources */,
				83EB3F2318AEA7D500EA91AC /* coaching_unselect.png in Resources */,
				C36C5109189028190053A884 /* InfoPlist.strings in Resources */,
				83EB3F1E18AEA7D500EA91AC /* cal_selected@2x.png in Resources */,
				83EB3F2718AEA7D500EA91AC /* community_unselect.png in Resources */,
				83EB3F1518AEA7D500EA91AC /* Meditation@2x.png in Resources */,
				839A346218ABCFB6007CD657 /* NavigationViewController.xib in Resources */,
				83EB3ED218AEA7D500EA91AC /* Hydrate-01@2x.png in Resources */,
				83EB3ED518AEA7D500EA91AC /* Nourish-01@2x.png in Resources */,
				832934CC18B7D93200F6875B /* Medicines@2x.png in Resources */,
				83EB3F2B18AEA7D500EA91AC /* more_selected@2x.png in Resources */,
				83C6511618C91B7500F35CE5 /* ForwardArrow.png in Resources */,
				83EB3F3718AEA7D500EA91AC /* Wet.png in Resources */,
				83EB3ED718AEA7D500EA91AC /* Refresh-01@2x.png in Resources */,
				83EB3F2F18AEA7D500EA91AC /* today_selected@2x.png in Resources */,
				83EB3F2A18AEA7D500EA91AC /* more_selected.png in Resources */,
				83EB3F3118AEA7D500EA91AC /* today_unselect@2x.png in Resources */,
				832934C718B7D93200F6875B /* Amazing.png in Resources */,
				832934D118B7D93200F6875B /* Symptoms.png in Resources */,
				83EB3F2118AEA7D500EA91AC /* coaching_selected.png in Resources */,
				8328B76718AC008700DA7A5E /* SignsDayCell.xib in Resources */,
				832934CD18B7D93200F6875B /* Sad.png in Resources */,
				83EB3F0718AEA7D500EA91AC /* Heavy@2x.png in Resources */,
				832934CA18B7D93200F6875B /* Good@2x.png in Resources */,
				83EB3F0F18AEA7D500EA91AC /* Acupressure.png in Resources */,
				83EB3F3018AEA7D500EA91AC /* today_unselect.png in Resources */,
				83EB3F1218AEA7D500EA91AC /* Lifestyle .png in Resources */,
				83EB3ECD18AEA7D500EA91AC /* Activate.png in Resources */,
				83C6511418C91B7500F35CE5 /* BackArrow.png in Resources */,
				83EB3EDE18AEA7D500EA91AC /* Protected@2x.png in Resources */,
				83C6511518C91B7500F35CE5 /* BackArrow@2x.png in Resources */,
				83EB3EDA18AEA7D500EA91AC /* Ventilate-01.png in Resources */,
				C36C5111189028190053A884 /* Images.xcassets in Resources */,
				83EB3ECE18AEA7D500EA91AC /* Activate@2x.png in Resources */,
				83C6511718C91B7500F35CE5 /* ForwardArrow@2x.png in Resources */,
				83EB3ED618AEA7D500EA91AC /* Refresh-01.png in Resources */,
				83EB3F2618AEA7D500EA91AC /* community_selected@2x.png in Resources */,
				83EB3F0B18AEA7D500EA91AC /* Medium.png in Resources */,
				83EB3F0918AEA7D500EA91AC /* Light.png in Resources */,
				83EB3F1A18AEA7D500EA91AC /* Negative@2x.png in Resources */,
				83EB3ED818AEA7D500EA91AC /* Revitalize-01.png in Resources */,
				83EB3F1318AEA7D500EA91AC /* Lifestyle @2x.png in Resources */,
			);
			runOnlyForDeploymentPostprocessing = 0;
		};
		C3BF8FBB1898409C00572F43 /* Resources */ = {
			isa = PBXResourcesBuildPhase;
			buildActionMask = 2147483647;
			files = (
				C3BF8FC71898409C00572F43 /* InfoPlist.strings in Resources */,
			);
			runOnlyForDeploymentPostprocessing = 0;
		};
/* End PBXResourcesBuildPhase section */

/* Begin PBXShellScriptBuildPhase section */
		6420B04BCD564CD9AA2B129C /* Check Pods Manifest.lock */ = {
			isa = PBXShellScriptBuildPhase;
			buildActionMask = 2147483647;
			files = (
			);
			inputPaths = (
			);
			name = "Check Pods Manifest.lock";
			outputPaths = (
			);
			runOnlyForDeploymentPostprocessing = 0;
			shellPath = /bin/sh;
			shellScript = "diff \"${PODS_ROOT}/../Podfile.lock\" \"${PODS_ROOT}/Manifest.lock\" > /dev/null\nif [[ $? != 0 ]] ; then\n    cat << EOM\nerror: The sandbox is not in sync with the Podfile.lock. Run 'pod install' or update your CocoaPods installation.\nEOM\n    exit 1\nfi\n";
			showEnvVarsInLog = 0;
		};
		74D18865B0EC4AF2A2E2D279 /* Check Pods Manifest.lock */ = {
			isa = PBXShellScriptBuildPhase;
			buildActionMask = 2147483647;
			files = (
			);
			inputPaths = (
			);
			name = "Check Pods Manifest.lock";
			outputPaths = (
			);
			runOnlyForDeploymentPostprocessing = 0;
			shellPath = /bin/sh;
			shellScript = "diff \"${PODS_ROOT}/../Podfile.lock\" \"${PODS_ROOT}/Manifest.lock\" > /dev/null\nif [[ $? != 0 ]] ; then\n    cat << EOM\nerror: The sandbox is not in sync with the Podfile.lock. Run 'pod install' or update your CocoaPods installation.\nEOM\n    exit 1\nfi\n";
			showEnvVarsInLog = 0;
		};
		AFE9AE02548D4C00A64C5EF6 /* Copy Pods Resources */ = {
			isa = PBXShellScriptBuildPhase;
			buildActionMask = 2147483647;
			files = (
			);
			inputPaths = (
			);
			name = "Copy Pods Resources";
			outputPaths = (
			);
			runOnlyForDeploymentPostprocessing = 0;
			shellPath = /bin/sh;
			shellScript = "\"${SRCROOT}/Pods/Pods-OvatempTests-resources.sh\"\n";
			showEnvVarsInLog = 0;
		};
		D1404E78B4F943EA9CBAE27C /* Copy Pods Resources */ = {
			isa = PBXShellScriptBuildPhase;
			buildActionMask = 2147483647;
			files = (
			);
			inputPaths = (
			);
			name = "Copy Pods Resources";
			outputPaths = (
			);
			runOnlyForDeploymentPostprocessing = 0;
			shellPath = /bin/sh;
			shellScript = "\"${SRCROOT}/Pods/Pods-Ovatemp-resources.sh\"\n";
			showEnvVarsInLog = 0;
		};
/* End PBXShellScriptBuildPhase section */

/* Begin PBXSourcesBuildPhase section */
		C36C50F7189028190053A884 /* Sources */ = {
			isa = PBXSourcesBuildPhase;
			buildActionMask = 2147483647;
			files = (
				C3BF8FE818984AC200572F43 /* User.m in Sources */,
				8328B76D18AC00A800DA7A5E /* SignsDayCell.m in Sources */,
				C3BF8FEB18984B9700572F43 /* TextFieldCell.m in Sources */,
				C3BF8FE5189848CE00572F43 /* BaseModel.m in Sources */,
				C308706818980A4900DC4364 /* UIViewController+Alerts.m in Sources */,
				835BA2B618BBDC0200C64350 /* UIAlertView+WithBlock.m in Sources */,
				8328B77018AC00B500DA7A5E /* SupplementsDayCell.m in Sources */,
				C3BF8FE01898452F00572F43 /* SessionViewController.m in Sources */,
				834BD63518AD1519003B6808 /* MoreViewController.m in Sources */,
				C32C4A8F18985A7800B05009 /* ConnectionManager.m in Sources */,
				C36C510F189028190053A884 /* AppDelegate.m in Sources */,
				C3D4F351189835CC00CBB91A /* UIViewController+WithNavigation.m in Sources */,
				8329353B18B7FD2600F6875B /* Symptom.m in Sources */,
				C32C4A89189856C100B05009 /* ButtonCell.m in Sources */,
				834BD64118AD6590003B6808 /* DayToggleButton.m in Sources */,
				C308706B18980B1A00DC4364 /* Alert.m in Sources */,
				834BD63E18AD4B5B003B6808 /* NSDate+ShortDate.m in Sources */,
				C31220241899BB8E0027C4B3 /* Configuration.m in Sources */,
				8387261018CA12C800A3277C /* FertilityStatusView.m in Sources */,
				834BD63B18AD29EA003B6808 /* Day.m in Sources */,
				835BA2B318BBCB8300C64350 /* SharedRelation.m in Sources */,
				C36C510B189028190053A884 /* main.m in Sources */,
				8328B77318AC00CD00DA7A5E /* SymptomsDayCell.m in Sources */,
				C32C4A8C18985A4D00B05009 /* UIViewController+ConnectionManager.m in Sources */,
				8329353518B7F85B00F6875B /* Supplement.m in Sources */,
				8328B77618AC034900DA7A5E /* DayCell.m in Sources */,
				8329353818B7FD1700F6875B /* Medicine.m in Sources */,
				8328B75A18ABFD9400DA7A5E /* TemperatureDayCell.m in Sources */,
				8328B76A18AC009C00DA7A5E /* IntercourseDayCell.m in Sources */,
				835AE58618B7A36000FEAF98 /* CheckCell.m in Sources */,
				839A346118ABCFB6007CD657 /* NavigationViewController.m in Sources */,
				8328B75D18AC002800DA7A5E /* FluidDayCell.m in Sources */,
				836A6C9D18BF819E0068F1D2 /* CycleChartView.m in Sources */,
				8315E49B18C13F9B00DA935A /* OTScrollView.m in Sources */,
				C3D4F35418983B9C00CBB91A /* Constants.m in Sources */,
				839A346818ABF385007CD657 /* PeriodDayCell.m in Sources */,
				C3066C6818983537003F8B84 /* TodayViewController.m in Sources */,
				834BD63818AD164E003B6808 /* SessionController.m in Sources */,
				839A345D18ABCBAD007CD657 /* Calendar.m in Sources */,
			);
			runOnlyForDeploymentPostprocessing = 0;
		};
		C3BF8FB91898409C00572F43 /* Sources */ = {
			isa = PBXSourcesBuildPhase;
			buildActionMask = 2147483647;
			files = (
				8315E49E18C521A800DA935A /* SessionSpec.m in Sources */,
				C3BF8FD31898415E00572F43 /* FirstLaunchSpec.m in Sources */,
				C3BF8FD91898421700572F43 /* XCTestCase+KIF.m in Sources */,
				C3BF8FDD1898449D00572F43 /* OvatempTestHelpers.m in Sources */,
				83548FF218BD24450016B53A /* TodaySpec.m in Sources */,
			);
			runOnlyForDeploymentPostprocessing = 0;
		};
/* End PBXSourcesBuildPhase section */

/* Begin PBXTargetDependency section */
		C3BF8FCC1898409C00572F43 /* PBXTargetDependency */ = {
			isa = PBXTargetDependency;
			target = C36C50FA189028190053A884 /* Ovatemp */;
			targetProxy = C3BF8FCB1898409C00572F43 /* PBXContainerItemProxy */;
		};
/* End PBXTargetDependency section */

/* Begin PBXVariantGroup section */
		C36C5107189028190053A884 /* InfoPlist.strings */ = {
			isa = PBXVariantGroup;
			children = (
				C36C5108189028190053A884 /* en */,
			);
			name = InfoPlist.strings;
			sourceTree = "<group>";
		};
		C3BF8FC51898409C00572F43 /* InfoPlist.strings */ = {
			isa = PBXVariantGroup;
			children = (
				C3BF8FC61898409C00572F43 /* en */,
			);
			name = InfoPlist.strings;
			sourceTree = "<group>";
		};
/* End PBXVariantGroup section */

/* Begin XCBuildConfiguration section */
		C36C5125189028190053A884 /* Debug */ = {
			isa = XCBuildConfiguration;
			buildSettings = {
				ALWAYS_SEARCH_USER_PATHS = NO;
				ARCHS = "$(ARCHS_STANDARD_INCLUDING_64_BIT)";
				CLANG_CXX_LANGUAGE_STANDARD = "gnu++0x";
				CLANG_CXX_LIBRARY = "libc++";
				CLANG_ENABLE_MODULES = YES;
				CLANG_ENABLE_OBJC_ARC = YES;
				CLANG_WARN_BOOL_CONVERSION = YES;
				CLANG_WARN_CONSTANT_CONVERSION = YES;
				CLANG_WARN_DIRECT_OBJC_ISA_USAGE = YES_ERROR;
				CLANG_WARN_EMPTY_BODY = YES;
				CLANG_WARN_ENUM_CONVERSION = YES;
				CLANG_WARN_INT_CONVERSION = YES;
				CLANG_WARN_OBJC_ROOT_CLASS = YES_ERROR;
				CLANG_WARN__DUPLICATE_METHOD_MATCH = YES;
				CODE_SIGN_IDENTITY = "";
				COPY_PHASE_STRIP = NO;
				GCC_C_LANGUAGE_STANDARD = gnu99;
				GCC_DYNAMIC_NO_PIC = NO;
				GCC_OPTIMIZATION_LEVEL = 0;
				GCC_PREPROCESSOR_DEFINITIONS = (
					"DEBUG=1",
					"$(inherited)",
				);
				GCC_SYMBOLS_PRIVATE_EXTERN = NO;
				GCC_WARN_64_TO_32_BIT_CONVERSION = YES;
				GCC_WARN_ABOUT_RETURN_TYPE = YES_ERROR;
				GCC_WARN_UNDECLARED_SELECTOR = YES;
				GCC_WARN_UNINITIALIZED_AUTOS = YES;
				GCC_WARN_UNUSED_FUNCTION = YES;
				GCC_WARN_UNUSED_VARIABLE = YES;
				IPHONEOS_DEPLOYMENT_TARGET = 7.0;
				ONLY_ACTIVE_ARCH = YES;
				SDKROOT = iphoneos;
				TARGETED_DEVICE_FAMILY = "1,2";
			};
			name = Debug;
		};
		C36C5126189028190053A884 /* Release */ = {
			isa = XCBuildConfiguration;
			buildSettings = {
				ALWAYS_SEARCH_USER_PATHS = NO;
				ARCHS = "$(ARCHS_STANDARD_INCLUDING_64_BIT)";
				CLANG_CXX_LANGUAGE_STANDARD = "gnu++0x";
				CLANG_CXX_LIBRARY = "libc++";
				CLANG_ENABLE_MODULES = YES;
				CLANG_ENABLE_OBJC_ARC = YES;
				CLANG_WARN_BOOL_CONVERSION = YES;
				CLANG_WARN_CONSTANT_CONVERSION = YES;
				CLANG_WARN_DIRECT_OBJC_ISA_USAGE = YES_ERROR;
				CLANG_WARN_EMPTY_BODY = YES;
				CLANG_WARN_ENUM_CONVERSION = YES;
				CLANG_WARN_INT_CONVERSION = YES;
				CLANG_WARN_OBJC_ROOT_CLASS = YES_ERROR;
				CLANG_WARN__DUPLICATE_METHOD_MATCH = YES;
				CODE_SIGN_IDENTITY = "iPhone Distribution";
				COPY_PHASE_STRIP = YES;
				ENABLE_NS_ASSERTIONS = NO;
				GCC_C_LANGUAGE_STANDARD = gnu99;
				GCC_WARN_64_TO_32_BIT_CONVERSION = YES;
				GCC_WARN_ABOUT_RETURN_TYPE = YES_ERROR;
				GCC_WARN_UNDECLARED_SELECTOR = YES;
				GCC_WARN_UNINITIALIZED_AUTOS = YES;
				GCC_WARN_UNUSED_FUNCTION = YES;
				GCC_WARN_UNUSED_VARIABLE = YES;
				IPHONEOS_DEPLOYMENT_TARGET = 7.0;
				SDKROOT = iphoneos;
				TARGETED_DEVICE_FAMILY = "1,2";
				VALIDATE_PRODUCT = YES;
			};
			name = Release;
		};
		C36C5128189028190053A884 /* Debug */ = {
			isa = XCBuildConfiguration;
			baseConfigurationReference = DA450FC5E9904FF093E24AC1 /* Pods-Ovatemp.xcconfig */;
			buildSettings = {
				ASSETCATALOG_COMPILER_APPICON_NAME = AppIcon;
				ASSETCATALOG_COMPILER_LAUNCHIMAGE_NAME = LaunchImage;
				CODE_SIGN_IDENTITY = "iPhone Developer";
				"CODE_SIGN_IDENTITY[sdk=iphoneos*]" = "iPhone Developer";
				GCC_PRECOMPILE_PREFIX_HEADER = YES;
				GCC_PREFIX_HEADER = "Ovatemp/Ovatemp-Prefix.pch";
				INFOPLIST_FILE = "Ovatemp/Ovatemp-Info.plist";
				PRODUCT_NAME = "$(TARGET_NAME)";
				PROVISIONING_PROFILE = "";
				WRAPPER_EXTENSION = app;
			};
			name = Debug;
		};
		C36C5129189028190053A884 /* Release */ = {
			isa = XCBuildConfiguration;
			baseConfigurationReference = DA450FC5E9904FF093E24AC1 /* Pods-Ovatemp.xcconfig */;
			buildSettings = {
				ASSETCATALOG_COMPILER_APPICON_NAME = AppIcon;
				ASSETCATALOG_COMPILER_LAUNCHIMAGE_NAME = LaunchImage;
				CODE_SIGN_IDENTITY = "iPhone Developer";
				"CODE_SIGN_IDENTITY[sdk=iphoneos*]" = "iPhone Developer";
				GCC_PRECOMPILE_PREFIX_HEADER = YES;
				GCC_PREFIX_HEADER = "Ovatemp/Ovatemp-Prefix.pch";
				INFOPLIST_FILE = "Ovatemp/Ovatemp-Info.plist";
				PRODUCT_NAME = "$(TARGET_NAME)";
				PROVISIONING_PROFILE = "";
				WRAPPER_EXTENSION = app;
			};
			name = Release;
		};
		C3BF8FCE1898409C00572F43 /* Debug */ = {
			isa = XCBuildConfiguration;
			baseConfigurationReference = 803928D684F54DB4A5F86E42 /* Pods-OvatempTests.xcconfig */;
			buildSettings = {
				ARCHS = "$(ARCHS_STANDARD_INCLUDING_64_BIT)";
				BUNDLE_LOADER = "$(BUILT_PRODUCTS_DIR)/Ovatemp.app/Ovatemp";
				FRAMEWORK_SEARCH_PATHS = (
					"$(SDKROOT)/Developer/Library/Frameworks",
					"$(inherited)",
					"$(DEVELOPER_FRAMEWORKS_DIR)",
				);
				GCC_PRECOMPILE_PREFIX_HEADER = YES;
				GCC_PREFIX_HEADER = "OvatempTests/OvatempTests-Prefix.pch";
				GCC_PREPROCESSOR_DEFINITIONS = (
					"DEBUG=1",
					"$(inherited)",
				);
				INFOPLIST_FILE = "OvatempTests/OvatempTests-Info.plist";
				PRODUCT_NAME = "$(TARGET_NAME)";
				TEST_HOST = "$(BUNDLE_LOADER)";
				WRAPPER_EXTENSION = xctest;
			};
			name = Debug;
		};
		C3BF8FCF1898409C00572F43 /* Release */ = {
			isa = XCBuildConfiguration;
			baseConfigurationReference = 803928D684F54DB4A5F86E42 /* Pods-OvatempTests.xcconfig */;
			buildSettings = {
				ARCHS = "$(ARCHS_STANDARD_INCLUDING_64_BIT)";
				BUNDLE_LOADER = "$(BUILT_PRODUCTS_DIR)/Ovatemp.app/Ovatemp";
				FRAMEWORK_SEARCH_PATHS = (
					"$(SDKROOT)/Developer/Library/Frameworks",
					"$(inherited)",
					"$(DEVELOPER_FRAMEWORKS_DIR)",
				);
				GCC_PRECOMPILE_PREFIX_HEADER = YES;
				GCC_PREFIX_HEADER = "OvatempTests/OvatempTests-Prefix.pch";
				INFOPLIST_FILE = "OvatempTests/OvatempTests-Info.plist";
				PRODUCT_NAME = "$(TARGET_NAME)";
				TEST_HOST = "$(BUNDLE_LOADER)";
				WRAPPER_EXTENSION = xctest;
			};
			name = Release;
		};
/* End XCBuildConfiguration section */

/* Begin XCConfigurationList section */
		C36C50F6189028190053A884 /* Build configuration list for PBXProject "Ovatemp" */ = {
			isa = XCConfigurationList;
			buildConfigurations = (
				C36C5125189028190053A884 /* Debug */,
				C36C5126189028190053A884 /* Release */,
			);
			defaultConfigurationIsVisible = 0;
			defaultConfigurationName = Release;
		};
		C36C5127189028190053A884 /* Build configuration list for PBXNativeTarget "Ovatemp" */ = {
			isa = XCConfigurationList;
			buildConfigurations = (
				C36C5128189028190053A884 /* Debug */,
				C36C5129189028190053A884 /* Release */,
			);
			defaultConfigurationIsVisible = 0;
			defaultConfigurationName = Release;
		};
		C3BF8FCD1898409C00572F43 /* Build configuration list for PBXNativeTarget "OvatempTests" */ = {
			isa = XCConfigurationList;
			buildConfigurations = (
				C3BF8FCE1898409C00572F43 /* Debug */,
				C3BF8FCF1898409C00572F43 /* Release */,
			);
			defaultConfigurationIsVisible = 0;
			defaultConfigurationName = Release;
		};
/* End XCConfigurationList section */
	};
	rootObject = C36C50F3189028190053A884 /* Project object */;
}
