// !$*UTF8*$!
{
	archiveVersion = 1;
	classes = {
	};
	objectVersion = 46;
	objects = {

/* Begin PBXBuildFile section */
		8328B75718ABFD6D00DA7A5E /* TemperatureDayCell.xib in Resources */ = {isa = PBXBuildFile; fileRef = 8328B75618ABFD6D00DA7A5E /* TemperatureDayCell.xib */; };
		8328B75A18ABFD9400DA7A5E /* TemperatureDayCell.m in Sources */ = {isa = PBXBuildFile; fileRef = 8328B75918ABFD9400DA7A5E /* TemperatureDayCell.m */; };
		839A345D18ABCBAD007CD657 /* Calendar.m in Sources */ = {isa = PBXBuildFile; fileRef = 839A345C18ABCBAD007CD657 /* Calendar.m */; };
		839A346118ABCFB6007CD657 /* NavigationViewController.m in Sources */ = {isa = PBXBuildFile; fileRef = 839A345F18ABCFB6007CD657 /* NavigationViewController.m */; };
		839A346218ABCFB6007CD657 /* NavigationViewController.xib in Resources */ = {isa = PBXBuildFile; fileRef = 839A346018ABCFB6007CD657 /* NavigationViewController.xib */; };
		839A346818ABF385007CD657 /* PeriodDayCell.m in Sources */ = {isa = PBXBuildFile; fileRef = 839A346718ABF385007CD657 /* PeriodDayCell.m */; };
		839A346A18ABF3B3007CD657 /* PeriodDayCell.xib in Resources */ = {isa = PBXBuildFile; fileRef = 839A346918ABF3B3007CD657 /* PeriodDayCell.xib */; };
		9C4D13D86AB546AD9A46ADE4 /* libPods-OvatempTests.a in Frameworks */ = {isa = PBXBuildFile; fileRef = FAA41CA4FF684F1FADD9F160 /* libPods-OvatempTests.a */; };
		C3066C6818983537003F8B84 /* TodayViewController.m in Sources */ = {isa = PBXBuildFile; fileRef = C3066C6618983537003F8B84 /* TodayViewController.m */; };
		C308706818980A4900DC4364 /* UIViewController+Alerts.m in Sources */ = {isa = PBXBuildFile; fileRef = C308706718980A4900DC4364 /* UIViewController+Alerts.m */; };
		C308706B18980B1A00DC4364 /* Alert.m in Sources */ = {isa = PBXBuildFile; fileRef = C308706A18980B1A00DC4364 /* Alert.m */; };
		C31220241899BB8E0027C4B3 /* Configuration.m in Sources */ = {isa = PBXBuildFile; fileRef = C31220231899BB8E0027C4B3 /* Configuration.m */; };
		C32C4A89189856C100B05009 /* ButtonCell.m in Sources */ = {isa = PBXBuildFile; fileRef = C32C4A88189856C100B05009 /* ButtonCell.m */; };
		C32C4A8C18985A4D00B05009 /* UIViewController+ConnectionManager.m in Sources */ = {isa = PBXBuildFile; fileRef = C32C4A8B18985A4D00B05009 /* UIViewController+ConnectionManager.m */; };
		C32C4A8F18985A7800B05009 /* ConnectionManager.m in Sources */ = {isa = PBXBuildFile; fileRef = C32C4A8E18985A7800B05009 /* ConnectionManager.m */; };
		C36C50FF189028190053A884 /* Foundation.framework in Frameworks */ = {isa = PBXBuildFile; fileRef = C36C50FE189028190053A884 /* Foundation.framework */; };
		C36C5101189028190053A884 /* CoreGraphics.framework in Frameworks */ = {isa = PBXBuildFile; fileRef = C36C5100189028190053A884 /* CoreGraphics.framework */; };
		C36C5103189028190053A884 /* UIKit.framework in Frameworks */ = {isa = PBXBuildFile; fileRef = C36C5102189028190053A884 /* UIKit.framework */; };
		C36C5109189028190053A884 /* InfoPlist.strings in Resources */ = {isa = PBXBuildFile; fileRef = C36C5107189028190053A884 /* InfoPlist.strings */; };
		C36C510B189028190053A884 /* main.m in Sources */ = {isa = PBXBuildFile; fileRef = C36C510A189028190053A884 /* main.m */; };
		C36C510F189028190053A884 /* AppDelegate.m in Sources */ = {isa = PBXBuildFile; fileRef = C36C510E189028190053A884 /* AppDelegate.m */; };
		C36C5111189028190053A884 /* Images.xcassets in Resources */ = {isa = PBXBuildFile; fileRef = C36C5110189028190053A884 /* Images.xcassets */; };
		C3BF8FBF1898409C00572F43 /* XCTest.framework in Frameworks */ = {isa = PBXBuildFile; fileRef = C3BF8FBE1898409C00572F43 /* XCTest.framework */; };
		C3BF8FC01898409C00572F43 /* Foundation.framework in Frameworks */ = {isa = PBXBuildFile; fileRef = C36C50FE189028190053A884 /* Foundation.framework */; };
		C3BF8FC11898409C00572F43 /* UIKit.framework in Frameworks */ = {isa = PBXBuildFile; fileRef = C36C5102189028190053A884 /* UIKit.framework */; };
		C3BF8FC71898409C00572F43 /* InfoPlist.strings in Resources */ = {isa = PBXBuildFile; fileRef = C3BF8FC51898409C00572F43 /* InfoPlist.strings */; };
		C3BF8FD31898415E00572F43 /* FirstLaunchSpec.m in Sources */ = {isa = PBXBuildFile; fileRef = C3BF8FD21898415E00572F43 /* FirstLaunchSpec.m */; };
		C3BF8FD91898421700572F43 /* XCTestCase+KIF.m in Sources */ = {isa = PBXBuildFile; fileRef = C3BF8FD81898421700572F43 /* XCTestCase+KIF.m */; };
		C3BF8FDD1898449D00572F43 /* OvatempTestHelpers.m in Sources */ = {isa = PBXBuildFile; fileRef = C3BF8FDC1898449D00572F43 /* OvatempTestHelpers.m */; };
		C3BF8FE01898452F00572F43 /* SessionViewController.m in Sources */ = {isa = PBXBuildFile; fileRef = C3BF8FDF1898452F00572F43 /* SessionViewController.m */; };
		C3BF8FE21898454300572F43 /* SessionViewController.xib in Resources */ = {isa = PBXBuildFile; fileRef = C3BF8FE11898454300572F43 /* SessionViewController.xib */; };
		C3BF8FE5189848CE00572F43 /* BaseModel.m in Sources */ = {isa = PBXBuildFile; fileRef = C3BF8FE4189848CE00572F43 /* BaseModel.m */; };
		C3BF8FE818984AC200572F43 /* User.m in Sources */ = {isa = PBXBuildFile; fileRef = C3BF8FE718984AC200572F43 /* User.m */; };
		C3BF8FEB18984B9700572F43 /* TextFieldCell.m in Sources */ = {isa = PBXBuildFile; fileRef = C3BF8FEA18984B9700572F43 /* TextFieldCell.m */; };
		C3D4F351189835CC00CBB91A /* UIViewController+WithNavigation.m in Sources */ = {isa = PBXBuildFile; fileRef = C3D4F350189835CC00CBB91A /* UIViewController+WithNavigation.m */; };
		C3D4F35418983B9C00CBB91A /* Constants.m in Sources */ = {isa = PBXBuildFile; fileRef = C3D4F35318983B9C00CBB91A /* Constants.m */; };
		D18C51F548DA4E59B785DE16 /* libPods-Ovatemp.a in Frameworks */ = {isa = PBXBuildFile; fileRef = F43F1F4F22DB4267A95469D4 /* libPods-Ovatemp.a */; };
/* End PBXBuildFile section */

/* Begin PBXContainerItemProxy section */
		C3BF8FCB1898409C00572F43 /* PBXContainerItemProxy */ = {
			isa = PBXContainerItemProxy;
			containerPortal = C36C50F3189028190053A884 /* Project object */;
			proxyType = 1;
			remoteGlobalIDString = C36C50FA189028190053A884;
			remoteInfo = Ovatemp;
		};
/* End PBXContainerItemProxy section */

/* Begin PBXFileReference section */
		803928D684F54DB4A5F86E42 /* Pods-OvatempTests.xcconfig */ = {isa = PBXFileReference; includeInIndex = 1; lastKnownFileType = text.xcconfig; name = "Pods-OvatempTests.xcconfig"; path = "Pods/Pods-OvatempTests.xcconfig"; sourceTree = "<group>"; };
		8328B75618ABFD6D00DA7A5E /* TemperatureDayCell.xib */ = {isa = PBXFileReference; fileEncoding = 4; lastKnownFileType = file.xib; path = TemperatureDayCell.xib; sourceTree = "<group>"; };
		8328B75818ABFD9400DA7A5E /* TemperatureDayCell.h */ = {isa = PBXFileReference; fileEncoding = 4; lastKnownFileType = sourcecode.c.h; path = TemperatureDayCell.h; sourceTree = "<group>"; };
		8328B75918ABFD9400DA7A5E /* TemperatureDayCell.m */ = {isa = PBXFileReference; fileEncoding = 4; lastKnownFileType = sourcecode.c.objc; path = TemperatureDayCell.m; sourceTree = "<group>"; };
		839A345B18ABCBAD007CD657 /* Calendar.h */ = {isa = PBXFileReference; fileEncoding = 4; lastKnownFileType = sourcecode.c.h; name = Calendar.h; path = Shared/Calendar.h; sourceTree = "<group>"; };
		839A345C18ABCBAD007CD657 /* Calendar.m */ = {isa = PBXFileReference; fileEncoding = 4; lastKnownFileType = sourcecode.c.objc; name = Calendar.m; path = Shared/Calendar.m; sourceTree = "<group>"; };
		839A345E18ABCFB6007CD657 /* NavigationViewController.h */ = {isa = PBXFileReference; fileEncoding = 4; lastKnownFileType = sourcecode.c.h; path = NavigationViewController.h; sourceTree = "<group>"; };
		839A345F18ABCFB6007CD657 /* NavigationViewController.m */ = {isa = PBXFileReference; fileEncoding = 4; lastKnownFileType = sourcecode.c.objc; path = NavigationViewController.m; sourceTree = "<group>"; };
		839A346018ABCFB6007CD657 /* NavigationViewController.xib */ = {isa = PBXFileReference; fileEncoding = 4; lastKnownFileType = file.xib; name = NavigationViewController.xib; path = ../Controllers/NavigationViewController.xib; sourceTree = "<group>"; };
		839A346618ABF385007CD657 /* PeriodDayCell.h */ = {isa = PBXFileReference; fileEncoding = 4; lastKnownFileType = sourcecode.c.h; path = PeriodDayCell.h; sourceTree = "<group>"; };
		839A346718ABF385007CD657 /* PeriodDayCell.m */ = {isa = PBXFileReference; fileEncoding = 4; lastKnownFileType = sourcecode.c.objc; path = PeriodDayCell.m; sourceTree = "<group>"; };
		839A346918ABF3B3007CD657 /* PeriodDayCell.xib */ = {isa = PBXFileReference; fileEncoding = 4; lastKnownFileType = file.xib; path = PeriodDayCell.xib; sourceTree = "<group>"; };
		C3066C6518983537003F8B84 /* TodayViewController.h */ = {isa = PBXFileReference; fileEncoding = 4; lastKnownFileType = sourcecode.c.h; path = TodayViewController.h; sourceTree = "<group>"; };
		C3066C6618983537003F8B84 /* TodayViewController.m */ = {isa = PBXFileReference; fileEncoding = 4; lastKnownFileType = sourcecode.c.objc; path = TodayViewController.m; sourceTree = "<group>"; };
		C308706618980A4900DC4364 /* UIViewController+Alerts.h */ = {isa = PBXFileReference; fileEncoding = 4; lastKnownFileType = sourcecode.c.h; path = "UIViewController+Alerts.h"; sourceTree = "<group>"; };
		C308706718980A4900DC4364 /* UIViewController+Alerts.m */ = {isa = PBXFileReference; fileEncoding = 4; lastKnownFileType = sourcecode.c.objc; path = "UIViewController+Alerts.m"; sourceTree = "<group>"; };
		C308706918980B1A00DC4364 /* Alert.h */ = {isa = PBXFileReference; fileEncoding = 4; lastKnownFileType = sourcecode.c.h; path = Alert.h; sourceTree = "<group>"; };
		C308706A18980B1A00DC4364 /* Alert.m */ = {isa = PBXFileReference; fileEncoding = 4; lastKnownFileType = sourcecode.c.objc; path = Alert.m; sourceTree = "<group>"; };
		C31220221899BB8E0027C4B3 /* Configuration.h */ = {isa = PBXFileReference; fileEncoding = 4; lastKnownFileType = sourcecode.c.h; path = Configuration.h; sourceTree = "<group>"; };
		C31220231899BB8E0027C4B3 /* Configuration.m */ = {isa = PBXFileReference; fileEncoding = 4; lastKnownFileType = sourcecode.c.objc; path = Configuration.m; sourceTree = "<group>"; };
		C32C4A87189856C100B05009 /* ButtonCell.h */ = {isa = PBXFileReference; fileEncoding = 4; lastKnownFileType = sourcecode.c.h; path = ButtonCell.h; sourceTree = "<group>"; };
		C32C4A88189856C100B05009 /* ButtonCell.m */ = {isa = PBXFileReference; fileEncoding = 4; lastKnownFileType = sourcecode.c.objc; path = ButtonCell.m; sourceTree = "<group>"; };
		C32C4A8A18985A4D00B05009 /* UIViewController+ConnectionManager.h */ = {isa = PBXFileReference; fileEncoding = 4; lastKnownFileType = sourcecode.c.h; path = "UIViewController+ConnectionManager.h"; sourceTree = "<group>"; };
		C32C4A8B18985A4D00B05009 /* UIViewController+ConnectionManager.m */ = {isa = PBXFileReference; fileEncoding = 4; lastKnownFileType = sourcecode.c.objc; path = "UIViewController+ConnectionManager.m"; sourceTree = "<group>"; };
		C32C4A8D18985A7800B05009 /* ConnectionManager.h */ = {isa = PBXFileReference; fileEncoding = 4; lastKnownFileType = sourcecode.c.h; path = ConnectionManager.h; sourceTree = "<group>"; };
		C32C4A8E18985A7800B05009 /* ConnectionManager.m */ = {isa = PBXFileReference; fileEncoding = 4; lastKnownFileType = sourcecode.c.objc; path = ConnectionManager.m; sourceTree = "<group>"; };
		C36C50FB189028190053A884 /* Ovatemp.app */ = {isa = PBXFileReference; explicitFileType = wrapper.application; includeInIndex = 0; path = Ovatemp.app; sourceTree = BUILT_PRODUCTS_DIR; };
		C36C50FE189028190053A884 /* Foundation.framework */ = {isa = PBXFileReference; lastKnownFileType = wrapper.framework; name = Foundation.framework; path = System/Library/Frameworks/Foundation.framework; sourceTree = SDKROOT; };
		C36C5100189028190053A884 /* CoreGraphics.framework */ = {isa = PBXFileReference; lastKnownFileType = wrapper.framework; name = CoreGraphics.framework; path = System/Library/Frameworks/CoreGraphics.framework; sourceTree = SDKROOT; };
		C36C5102189028190053A884 /* UIKit.framework */ = {isa = PBXFileReference; lastKnownFileType = wrapper.framework; name = UIKit.framework; path = System/Library/Frameworks/UIKit.framework; sourceTree = SDKROOT; };
		C36C5106189028190053A884 /* Ovatemp-Info.plist */ = {isa = PBXFileReference; lastKnownFileType = text.plist.xml; path = "Ovatemp-Info.plist"; sourceTree = "<group>"; };
		C36C5108189028190053A884 /* en */ = {isa = PBXFileReference; lastKnownFileType = text.plist.strings; name = en; path = en.lproj/InfoPlist.strings; sourceTree = "<group>"; };
		C36C510A189028190053A884 /* main.m */ = {isa = PBXFileReference; lastKnownFileType = sourcecode.c.objc; path = main.m; sourceTree = "<group>"; };
		C36C510C189028190053A884 /* Ovatemp-Prefix.pch */ = {isa = PBXFileReference; lastKnownFileType = sourcecode.c.h; path = "Ovatemp-Prefix.pch"; sourceTree = "<group>"; };
		C36C510D189028190053A884 /* AppDelegate.h */ = {isa = PBXFileReference; lastKnownFileType = sourcecode.c.h; path = AppDelegate.h; sourceTree = "<group>"; };
		C36C510E189028190053A884 /* AppDelegate.m */ = {isa = PBXFileReference; lastKnownFileType = sourcecode.c.objc; path = AppDelegate.m; sourceTree = "<group>"; };
		C36C5110189028190053A884 /* Images.xcassets */ = {isa = PBXFileReference; lastKnownFileType = folder.assetcatalog; path = Images.xcassets; sourceTree = "<group>"; };
		C3BF8FBD1898409C00572F43 /* OvatempTests.xctest */ = {isa = PBXFileReference; explicitFileType = wrapper.cfbundle; includeInIndex = 0; path = OvatempTests.xctest; sourceTree = BUILT_PRODUCTS_DIR; };
		C3BF8FBE1898409C00572F43 /* XCTest.framework */ = {isa = PBXFileReference; lastKnownFileType = wrapper.framework; name = XCTest.framework; path = Library/Frameworks/XCTest.framework; sourceTree = DEVELOPER_DIR; };
		C3BF8FC41898409C00572F43 /* OvatempTests-Info.plist */ = {isa = PBXFileReference; lastKnownFileType = text.plist.xml; path = "OvatempTests-Info.plist"; sourceTree = "<group>"; };
		C3BF8FC61898409C00572F43 /* en */ = {isa = PBXFileReference; lastKnownFileType = text.plist.strings; name = en; path = en.lproj/InfoPlist.strings; sourceTree = "<group>"; };
		C3BF8FCA1898409C00572F43 /* OvatempTests-Prefix.pch */ = {isa = PBXFileReference; lastKnownFileType = sourcecode.c.h; path = "OvatempTests-Prefix.pch"; sourceTree = "<group>"; };
		C3BF8FD21898415E00572F43 /* FirstLaunchSpec.m */ = {isa = PBXFileReference; fileEncoding = 4; lastKnownFileType = sourcecode.c.objc; path = FirstLaunchSpec.m; sourceTree = "<group>"; };
		C3BF8FD71898421700572F43 /* XCTestCase+KIF.h */ = {isa = PBXFileReference; fileEncoding = 4; lastKnownFileType = sourcecode.c.h; path = "XCTestCase+KIF.h"; sourceTree = "<group>"; };
		C3BF8FD81898421700572F43 /* XCTestCase+KIF.m */ = {isa = PBXFileReference; fileEncoding = 4; lastKnownFileType = sourcecode.c.objc; path = "XCTestCase+KIF.m"; sourceTree = "<group>"; };
		C3BF8FDB1898449D00572F43 /* OvatempTestHelpers.h */ = {isa = PBXFileReference; fileEncoding = 4; lastKnownFileType = sourcecode.c.h; path = OvatempTestHelpers.h; sourceTree = "<group>"; };
		C3BF8FDC1898449D00572F43 /* OvatempTestHelpers.m */ = {isa = PBXFileReference; fileEncoding = 4; lastKnownFileType = sourcecode.c.objc; path = OvatempTestHelpers.m; sourceTree = "<group>"; };
		C3BF8FDE1898452F00572F43 /* SessionViewController.h */ = {isa = PBXFileReference; fileEncoding = 4; lastKnownFileType = sourcecode.c.h; path = SessionViewController.h; sourceTree = "<group>"; };
		C3BF8FDF1898452F00572F43 /* SessionViewController.m */ = {isa = PBXFileReference; fileEncoding = 4; lastKnownFileType = sourcecode.c.objc; path = SessionViewController.m; sourceTree = "<group>"; };
		C3BF8FE11898454300572F43 /* SessionViewController.xib */ = {isa = PBXFileReference; fileEncoding = 4; lastKnownFileType = file.xib; path = SessionViewController.xib; sourceTree = "<group>"; };
		C3BF8FE3189848CE00572F43 /* BaseModel.h */ = {isa = PBXFileReference; fileEncoding = 4; lastKnownFileType = sourcecode.c.h; path = BaseModel.h; sourceTree = "<group>"; };
		C3BF8FE4189848CE00572F43 /* BaseModel.m */ = {isa = PBXFileReference; fileEncoding = 4; lastKnownFileType = sourcecode.c.objc; path = BaseModel.m; sourceTree = "<group>"; };
		C3BF8FE618984AC200572F43 /* User.h */ = {isa = PBXFileReference; fileEncoding = 4; lastKnownFileType = sourcecode.c.h; path = User.h; sourceTree = "<group>"; };
		C3BF8FE718984AC200572F43 /* User.m */ = {isa = PBXFileReference; fileEncoding = 4; lastKnownFileType = sourcecode.c.objc; path = User.m; sourceTree = "<group>"; };
		C3BF8FE918984B9700572F43 /* TextFieldCell.h */ = {isa = PBXFileReference; fileEncoding = 4; lastKnownFileType = sourcecode.c.h; path = TextFieldCell.h; sourceTree = "<group>"; };
		C3BF8FEA18984B9700572F43 /* TextFieldCell.m */ = {isa = PBXFileReference; fileEncoding = 4; lastKnownFileType = sourcecode.c.objc; path = TextFieldCell.m; sourceTree = "<group>"; };
		C3D4F34F189835CC00CBB91A /* UIViewController+WithNavigation.h */ = {isa = PBXFileReference; fileEncoding = 4; lastKnownFileType = sourcecode.c.h; path = "UIViewController+WithNavigation.h"; sourceTree = "<group>"; };
		C3D4F350189835CC00CBB91A /* UIViewController+WithNavigation.m */ = {isa = PBXFileReference; fileEncoding = 4; lastKnownFileType = sourcecode.c.objc; path = "UIViewController+WithNavigation.m"; sourceTree = "<group>"; };
		C3D4F35218983B9C00CBB91A /* Constants.h */ = {isa = PBXFileReference; fileEncoding = 4; lastKnownFileType = sourcecode.c.h; path = Constants.h; sourceTree = "<group>"; };
		C3D4F35318983B9C00CBB91A /* Constants.m */ = {isa = PBXFileReference; fileEncoding = 4; lastKnownFileType = sourcecode.c.objc; path = Constants.m; sourceTree = "<group>"; };
		DA450FC5E9904FF093E24AC1 /* Pods-Ovatemp.xcconfig */ = {isa = PBXFileReference; includeInIndex = 1; lastKnownFileType = text.xcconfig; name = "Pods-Ovatemp.xcconfig"; path = "Pods/Pods-Ovatemp.xcconfig"; sourceTree = "<group>"; };
		F43F1F4F22DB4267A95469D4 /* libPods-Ovatemp.a */ = {isa = PBXFileReference; explicitFileType = archive.ar; includeInIndex = 0; path = "libPods-Ovatemp.a"; sourceTree = BUILT_PRODUCTS_DIR; };
		FAA41CA4FF684F1FADD9F160 /* libPods-OvatempTests.a */ = {isa = PBXFileReference; explicitFileType = archive.ar; includeInIndex = 0; path = "libPods-OvatempTests.a"; sourceTree = BUILT_PRODUCTS_DIR; };
/* End PBXFileReference section */

/* Begin PBXFrameworksBuildPhase section */
		C36C50F8189028190053A884 /* Frameworks */ = {
			isa = PBXFrameworksBuildPhase;
			buildActionMask = 2147483647;
			files = (
				C36C5101189028190053A884 /* CoreGraphics.framework in Frameworks */,
				C36C5103189028190053A884 /* UIKit.framework in Frameworks */,
				C36C50FF189028190053A884 /* Foundation.framework in Frameworks */,
				D18C51F548DA4E59B785DE16 /* libPods-Ovatemp.a in Frameworks */,
			);
			runOnlyForDeploymentPostprocessing = 0;
		};
		C3BF8FBA1898409C00572F43 /* Frameworks */ = {
			isa = PBXFrameworksBuildPhase;
			buildActionMask = 2147483647;
			files = (
				C3BF8FBF1898409C00572F43 /* XCTest.framework in Frameworks */,
				C3BF8FC11898409C00572F43 /* UIKit.framework in Frameworks */,
				C3BF8FC01898409C00572F43 /* Foundation.framework in Frameworks */,
				9C4D13D86AB546AD9A46ADE4 /* libPods-OvatempTests.a in Frameworks */,
			);
			runOnlyForDeploymentPostprocessing = 0;
		};
/* End PBXFrameworksBuildPhase section */

/* Begin PBXGroup section */
		839A345518ABCB14007CD657 /* DayCells */ = {
			isa = PBXGroup;
			children = (
				839A346618ABF385007CD657 /* PeriodDayCell.h */,
				839A346718ABF385007CD657 /* PeriodDayCell.m */,
				839A346918ABF3B3007CD657 /* PeriodDayCell.xib */,
				8328B75618ABFD6D00DA7A5E /* TemperatureDayCell.xib */,
				8328B75818ABFD9400DA7A5E /* TemperatureDayCell.h */,
				8328B75918ABFD9400DA7A5E /* TemperatureDayCell.m */,
			);
			name = DayCells;
			sourceTree = "<group>";
		};
		839A345918ABCB91007CD657 /* Shared */ = {
			isa = PBXGroup;
			children = (
				839A345B18ABCBAD007CD657 /* Calendar.h */,
				839A345C18ABCBAD007CD657 /* Calendar.m */,
			);
			name = Shared;
			sourceTree = "<group>";
		};
		C308705918980A2E00DC4364 /* Categories */ = {
			isa = PBXGroup;
			children = (
				C308706618980A4900DC4364 /* UIViewController+Alerts.h */,
				C308706718980A4900DC4364 /* UIViewController+Alerts.m */,
				C32C4A8A18985A4D00B05009 /* UIViewController+ConnectionManager.h */,
				C32C4A8B18985A4D00B05009 /* UIViewController+ConnectionManager.m */,
				C3D4F34F189835CC00CBB91A /* UIViewController+WithNavigation.h */,
				C3D4F350189835CC00CBB91A /* UIViewController+WithNavigation.m */,
			);
			path = Categories;
			sourceTree = "<group>";
		};
		C308705A18980A2E00DC4364 /* Controllers */ = {
			isa = PBXGroup;
			children = (
				C3BF8FDE1898452F00572F43 /* SessionViewController.h */,
				C3BF8FDF1898452F00572F43 /* SessionViewController.m */,
				C3066C6518983537003F8B84 /* TodayViewController.h */,
				C3066C6618983537003F8B84 /* TodayViewController.m */,
				839A345E18ABCFB6007CD657 /* NavigationViewController.h */,
				839A345F18ABCFB6007CD657 /* NavigationViewController.m */,
			);
			path = Controllers;
			sourceTree = "<group>";
		};
		C308705C18980A2E00DC4364 /* Controls */ = {
			isa = PBXGroup;
			children = (
				C308706918980B1A00DC4364 /* Alert.h */,
				C308706A18980B1A00DC4364 /* Alert.m */,
				C32C4A87189856C100B05009 /* ButtonCell.h */,
				C32C4A88189856C100B05009 /* ButtonCell.m */,
				C3BF8FE918984B9700572F43 /* TextFieldCell.h */,
				C3BF8FEA18984B9700572F43 /* TextFieldCell.m */,
			);
			path = Controls;
			sourceTree = "<group>";
		};
		C308705E18980A2E00DC4364 /* Models */ = {
			isa = PBXGroup;
			children = (
				C3BF8FE3189848CE00572F43 /* BaseModel.h */,
				C3BF8FE4189848CE00572F43 /* BaseModel.m */,
				C3BF8FE618984AC200572F43 /* User.h */,
				C3BF8FE718984AC200572F43 /* User.m */,
				C31220221899BB8E0027C4B3 /* Configuration.h */,
				C31220231899BB8E0027C4B3 /* Configuration.m */,
				C32C4A8D18985A7800B05009 /* ConnectionManager.h */,
				C32C4A8E18985A7800B05009 /* ConnectionManager.m */,
			);
			path = Models;
			sourceTree = "<group>";
		};
		C308706018980A2E00DC4364 /* Views */ = {
			isa = PBXGroup;
			children = (
				839A346018ABCFB6007CD657 /* NavigationViewController.xib */,
				839A345518ABCB14007CD657 /* DayCells */,
				C3BF8FE11898454300572F43 /* SessionViewController.xib */,
			);
			path = Views;
			sourceTree = "<group>";
		};
		C36C50F2189028190053A884 = {
			isa = PBXGroup;
			children = (
				C36C5104189028190053A884 /* Ovatemp */,
				C3BF8FC21898409C00572F43 /* OvatempTests */,
				C36C50FD189028190053A884 /* Frameworks */,
				C36C50FC189028190053A884 /* Products */,
				DA450FC5E9904FF093E24AC1 /* Pods-Ovatemp.xcconfig */,
				803928D684F54DB4A5F86E42 /* Pods-OvatempTests.xcconfig */,
			);
			sourceTree = "<group>";
		};
		C36C50FC189028190053A884 /* Products */ = {
			isa = PBXGroup;
			children = (
				C36C50FB189028190053A884 /* Ovatemp.app */,
				C3BF8FBD1898409C00572F43 /* OvatempTests.xctest */,
			);
			name = Products;
			sourceTree = "<group>";
		};
		C36C50FD189028190053A884 /* Frameworks */ = {
			isa = PBXGroup;
			children = (
				C36C50FE189028190053A884 /* Foundation.framework */,
				C36C5100189028190053A884 /* CoreGraphics.framework */,
				C36C5102189028190053A884 /* UIKit.framework */,
				F43F1F4F22DB4267A95469D4 /* libPods-Ovatemp.a */,
				FAA41CA4FF684F1FADD9F160 /* libPods-OvatempTests.a */,
				C3BF8FBE1898409C00572F43 /* XCTest.framework */,
			);
			name = Frameworks;
			sourceTree = "<group>";
		};
		C36C5104189028190053A884 /* Ovatemp */ = {
			isa = PBXGroup;
			children = (
				839A345918ABCB91007CD657 /* Shared */,
				C308705918980A2E00DC4364 /* Categories */,
				C308705A18980A2E00DC4364 /* Controllers */,
				C308705C18980A2E00DC4364 /* Controls */,
				C308705E18980A2E00DC4364 /* Models */,
				C308706018980A2E00DC4364 /* Views */,
				C36C510D189028190053A884 /* AppDelegate.h */,
				C36C510E189028190053A884 /* AppDelegate.m */,
				C3D4F35218983B9C00CBB91A /* Constants.h */,
				C3D4F35318983B9C00CBB91A /* Constants.m */,
				C36C5110189028190053A884 /* Images.xcassets */,
				C36C5105189028190053A884 /* Supporting Files */,
			);
			path = Ovatemp;
			sourceTree = "<group>";
		};
		C36C5105189028190053A884 /* Supporting Files */ = {
			isa = PBXGroup;
			children = (
				C36C5106189028190053A884 /* Ovatemp-Info.plist */,
				C36C5107189028190053A884 /* InfoPlist.strings */,
				C36C510A189028190053A884 /* main.m */,
				C36C510C189028190053A884 /* Ovatemp-Prefix.pch */,
			);
			name = "Supporting Files";
			sourceTree = "<group>";
		};
		C3BF8FC21898409C00572F43 /* OvatempTests */ = {
			isa = PBXGroup;
			children = (
				C3BF8FDA1898448B00572F43 /* Helpers */,
				C3BF8FD01898414B00572F43 /* Integration */,
				C3BF8FD11898414B00572F43 /* Unit */,
				C3BF8FC31898409C00572F43 /* Supporting Files */,
			);
			path = OvatempTests;
			sourceTree = "<group>";
		};
		C3BF8FC31898409C00572F43 /* Supporting Files */ = {
			isa = PBXGroup;
			children = (
				C3BF8FC41898409C00572F43 /* OvatempTests-Info.plist */,
				C3BF8FC51898409C00572F43 /* InfoPlist.strings */,
				C3BF8FCA1898409C00572F43 /* OvatempTests-Prefix.pch */,
			);
			name = "Supporting Files";
			sourceTree = "<group>";
		};
		C3BF8FD01898414B00572F43 /* Integration */ = {
			isa = PBXGroup;
			children = (
				C3BF8FD21898415E00572F43 /* FirstLaunchSpec.m */,
			);
			path = Integration;
			sourceTree = "<group>";
		};
		C3BF8FD11898414B00572F43 /* Unit */ = {
			isa = PBXGroup;
			children = (
			);
			path = Unit;
			sourceTree = "<group>";
		};
		C3BF8FDA1898448B00572F43 /* Helpers */ = {
			isa = PBXGroup;
			children = (
				C3BF8FD71898421700572F43 /* XCTestCase+KIF.h */,
				C3BF8FD81898421700572F43 /* XCTestCase+KIF.m */,
				C3BF8FDB1898449D00572F43 /* OvatempTestHelpers.h */,
				C3BF8FDC1898449D00572F43 /* OvatempTestHelpers.m */,
			);
			name = Helpers;
			sourceTree = "<group>";
		};
/* End PBXGroup section */

/* Begin PBXNativeTarget section */
		C36C50FA189028190053A884 /* Ovatemp */ = {
			isa = PBXNativeTarget;
			buildConfigurationList = C36C5127189028190053A884 /* Build configuration list for PBXNativeTarget "Ovatemp" */;
			buildPhases = (
				74D18865B0EC4AF2A2E2D279 /* Check Pods Manifest.lock */,
				C36C50F7189028190053A884 /* Sources */,
				C36C50F8189028190053A884 /* Frameworks */,
				C36C50F9189028190053A884 /* Resources */,
				D1404E78B4F943EA9CBAE27C /* Copy Pods Resources */,
			);
			buildRules = (
			);
			dependencies = (
			);
			name = Ovatemp;
			productName = Ovatemp;
			productReference = C36C50FB189028190053A884 /* Ovatemp.app */;
			productType = "com.apple.product-type.application";
		};
		C3BF8FBC1898409C00572F43 /* OvatempTests */ = {
			isa = PBXNativeTarget;
			buildConfigurationList = C3BF8FCD1898409C00572F43 /* Build configuration list for PBXNativeTarget "OvatempTests" */;
			buildPhases = (
				6420B04BCD564CD9AA2B129C /* Check Pods Manifest.lock */,
				C3BF8FB91898409C00572F43 /* Sources */,
				C3BF8FBA1898409C00572F43 /* Frameworks */,
				C3BF8FBB1898409C00572F43 /* Resources */,
				AFE9AE02548D4C00A64C5EF6 /* Copy Pods Resources */,
			);
			buildRules = (
			);
			dependencies = (
				C3BF8FCC1898409C00572F43 /* PBXTargetDependency */,
			);
			name = OvatempTests;
			productName = OvatempTests;
			productReference = C3BF8FBD1898409C00572F43 /* OvatempTests.xctest */;
			productType = "com.apple.product-type.bundle.unit-test";
		};
/* End PBXNativeTarget section */

/* Begin PBXProject section */
		C36C50F3189028190053A884 /* Project object */ = {
			isa = PBXProject;
			attributes = {
				LastUpgradeCheck = 0500;
				ORGANIZATIONNAME = "Back Forty";
				TargetAttributes = {
					C3BF8FBC1898409C00572F43 = {
						TestTargetID = C36C50FA189028190053A884;
					};
				};
			};
			buildConfigurationList = C36C50F6189028190053A884 /* Build configuration list for PBXProject "Ovatemp" */;
			compatibilityVersion = "Xcode 3.2";
			developmentRegion = English;
			hasScannedForEncodings = 0;
			knownRegions = (
				en,
			);
			mainGroup = C36C50F2189028190053A884;
			productRefGroup = C36C50FC189028190053A884 /* Products */;
			projectDirPath = "";
			projectRoot = "";
			targets = (
				C36C50FA189028190053A884 /* Ovatemp */,
				C3BF8FBC1898409C00572F43 /* OvatempTests */,
			);
		};
/* End PBXProject section */

/* Begin PBXResourcesBuildPhase section */
		C36C50F9189028190053A884 /* Resources */ = {
			isa = PBXResourcesBuildPhase;
			buildActionMask = 2147483647;
			files = (
				C3BF8FE21898454300572F43 /* SessionViewController.xib in Resources */,
				8328B75718ABFD6D00DA7A5E /* TemperatureDayCell.xib in Resources */,
				839A346A18ABF3B3007CD657 /* PeriodDayCell.xib in Resources */,
				C36C5109189028190053A884 /* InfoPlist.strings in Resources */,
				839A346218ABCFB6007CD657 /* NavigationViewController.xib in Resources */,
				C36C5111189028190053A884 /* Images.xcassets in Resources */,
			);
			runOnlyForDeploymentPostprocessing = 0;
		};
		C3BF8FBB1898409C00572F43 /* Resources */ = {
			isa = PBXResourcesBuildPhase;
			buildActionMask = 2147483647;
			files = (
				C3BF8FC71898409C00572F43 /* InfoPlist.strings in Resources */,
			);
			runOnlyForDeploymentPostprocessing = 0;
		};
/* End PBXResourcesBuildPhase section */

/* Begin PBXShellScriptBuildPhase section */
		6420B04BCD564CD9AA2B129C /* Check Pods Manifest.lock */ = {
			isa = PBXShellScriptBuildPhase;
			buildActionMask = 2147483647;
			files = (
			);
			inputPaths = (
			);
			name = "Check Pods Manifest.lock";
			outputPaths = (
			);
			runOnlyForDeploymentPostprocessing = 0;
			shellPath = /bin/sh;
			shellScript = "diff \"${PODS_ROOT}/../Podfile.lock\" \"${PODS_ROOT}/Manifest.lock\" > /dev/null\nif [[ $? != 0 ]] ; then\n    cat << EOM\nerror: The sandbox is not in sync with the Podfile.lock. Run 'pod install' or update your CocoaPods installation.\nEOM\n    exit 1\nfi\n";
			showEnvVarsInLog = 0;
		};
		74D18865B0EC4AF2A2E2D279 /* Check Pods Manifest.lock */ = {
			isa = PBXShellScriptBuildPhase;
			buildActionMask = 2147483647;
			files = (
			);
			inputPaths = (
			);
			name = "Check Pods Manifest.lock";
			outputPaths = (
			);
			runOnlyForDeploymentPostprocessing = 0;
			shellPath = /bin/sh;
			shellScript = "diff \"${PODS_ROOT}/../Podfile.lock\" \"${PODS_ROOT}/Manifest.lock\" > /dev/null\nif [[ $? != 0 ]] ; then\n    cat << EOM\nerror: The sandbox is not in sync with the Podfile.lock. Run 'pod install' or update your CocoaPods installation.\nEOM\n    exit 1\nfi\n";
			showEnvVarsInLog = 0;
		};
		AFE9AE02548D4C00A64C5EF6 /* Copy Pods Resources */ = {
			isa = PBXShellScriptBuildPhase;
			buildActionMask = 2147483647;
			files = (
			);
			inputPaths = (
			);
			name = "Copy Pods Resources";
			outputPaths = (
			);
			runOnlyForDeploymentPostprocessing = 0;
			shellPath = /bin/sh;
			shellScript = "\"${SRCROOT}/Pods/Pods-OvatempTests-resources.sh\"\n";
			showEnvVarsInLog = 0;
		};
		D1404E78B4F943EA9CBAE27C /* Copy Pods Resources */ = {
			isa = PBXShellScriptBuildPhase;
			buildActionMask = 2147483647;
			files = (
			);
			inputPaths = (
			);
			name = "Copy Pods Resources";
			outputPaths = (
			);
			runOnlyForDeploymentPostprocessing = 0;
			shellPath = /bin/sh;
			shellScript = "\"${SRCROOT}/Pods/Pods-Ovatemp-resources.sh\"\n";
			showEnvVarsInLog = 0;
		};
/* End PBXShellScriptBuildPhase section */

/* Begin PBXSourcesBuildPhase section */
		C36C50F7189028190053A884 /* Sources */ = {
			isa = PBXSourcesBuildPhase;
			buildActionMask = 2147483647;
			files = (
				C3BF8FE818984AC200572F43 /* User.m in Sources */,
				C3BF8FEB18984B9700572F43 /* TextFieldCell.m in Sources */,
				C3BF8FE5189848CE00572F43 /* BaseModel.m in Sources */,
				C308706818980A4900DC4364 /* UIViewController+Alerts.m in Sources */,
				C3BF8FE01898452F00572F43 /* SessionViewController.m in Sources */,
				C32C4A8F18985A7800B05009 /* ConnectionManager.m in Sources */,
				C36C510F189028190053A884 /* AppDelegate.m in Sources */,
				C3D4F351189835CC00CBB91A /* UIViewController+WithNavigation.m in Sources */,
				C32C4A89189856C100B05009 /* ButtonCell.m in Sources */,
				C308706B18980B1A00DC4364 /* Alert.m in Sources */,
				C31220241899BB8E0027C4B3 /* Configuration.m in Sources */,
				C36C510B189028190053A884 /* main.m in Sources */,
				C32C4A8C18985A4D00B05009 /* UIViewController+ConnectionManager.m in Sources */,
				8328B75A18ABFD9400DA7A5E /* TemperatureDayCell.m in Sources */,
				839A346118ABCFB6007CD657 /* NavigationViewController.m in Sources */,
				C3D4F35418983B9C00CBB91A /* Constants.m in Sources */,
				839A346818ABF385007CD657 /* PeriodDayCell.m in Sources */,
				C3066C6818983537003F8B84 /* TodayViewController.m in Sources */,
				839A345D18ABCBAD007CD657 /* Calendar.m in Sources */,
			);
			runOnlyForDeploymentPostprocessing = 0;
		};
		C3BF8FB91898409C00572F43 /* Sources */ = {
			isa = PBXSourcesBuildPhase;
			buildActionMask = 2147483647;
			files = (
				C3BF8FD31898415E00572F43 /* FirstLaunchSpec.m in Sources */,
				C3BF8FD91898421700572F43 /* XCTestCase+KIF.m in Sources */,
				C3BF8FDD1898449D00572F43 /* OvatempTestHelpers.m in Sources */,
			);
			runOnlyForDeploymentPostprocessing = 0;
		};
/* End PBXSourcesBuildPhase section */

/* Begin PBXTargetDependency section */
		C3BF8FCC1898409C00572F43 /* PBXTargetDependency */ = {
			isa = PBXTargetDependency;
			target = C36C50FA189028190053A884 /* Ovatemp */;
			targetProxy = C3BF8FCB1898409C00572F43 /* PBXContainerItemProxy */;
		};
/* End PBXTargetDependency section */

/* Begin PBXVariantGroup section */
		C36C5107189028190053A884 /* InfoPlist.strings */ = {
			isa = PBXVariantGroup;
			children = (
				C36C5108189028190053A884 /* en */,
			);
			name = InfoPlist.strings;
			sourceTree = "<group>";
		};
		C3BF8FC51898409C00572F43 /* InfoPlist.strings */ = {
			isa = PBXVariantGroup;
			children = (
				C3BF8FC61898409C00572F43 /* en */,
			);
			name = InfoPlist.strings;
			sourceTree = "<group>";
		};
/* End PBXVariantGroup section */

/* Begin XCBuildConfiguration section */
		C36C5125189028190053A884 /* Debug */ = {
			isa = XCBuildConfiguration;
			buildSettings = {
				ALWAYS_SEARCH_USER_PATHS = NO;
				ARCHS = "$(ARCHS_STANDARD_INCLUDING_64_BIT)";
				CLANG_CXX_LANGUAGE_STANDARD = "gnu++0x";
				CLANG_CXX_LIBRARY = "libc++";
				CLANG_ENABLE_MODULES = YES;
				CLANG_ENABLE_OBJC_ARC = YES;
				CLANG_WARN_BOOL_CONVERSION = YES;
				CLANG_WARN_CONSTANT_CONVERSION = YES;
				CLANG_WARN_DIRECT_OBJC_ISA_USAGE = YES_ERROR;
				CLANG_WARN_EMPTY_BODY = YES;
				CLANG_WARN_ENUM_CONVERSION = YES;
				CLANG_WARN_INT_CONVERSION = YES;
				CLANG_WARN_OBJC_ROOT_CLASS = YES_ERROR;
				CLANG_WARN__DUPLICATE_METHOD_MATCH = YES;
				"CODE_SIGN_IDENTITY[sdk=iphoneos*]" = "iPhone Developer";
				COPY_PHASE_STRIP = NO;
				GCC_C_LANGUAGE_STANDARD = gnu99;
				GCC_DYNAMIC_NO_PIC = NO;
				GCC_OPTIMIZATION_LEVEL = 0;
				GCC_PREPROCESSOR_DEFINITIONS = (
					"DEBUG=1",
					"$(inherited)",
				);
				GCC_SYMBOLS_PRIVATE_EXTERN = NO;
				GCC_WARN_64_TO_32_BIT_CONVERSION = YES;
				GCC_WARN_ABOUT_RETURN_TYPE = YES_ERROR;
				GCC_WARN_UNDECLARED_SELECTOR = YES;
				GCC_WARN_UNINITIALIZED_AUTOS = YES;
				GCC_WARN_UNUSED_FUNCTION = YES;
				GCC_WARN_UNUSED_VARIABLE = YES;
				IPHONEOS_DEPLOYMENT_TARGET = 7.0;
				ONLY_ACTIVE_ARCH = YES;
				SDKROOT = iphoneos;
				TARGETED_DEVICE_FAMILY = "1,2";
			};
			name = Debug;
		};
		C36C5126189028190053A884 /* Release */ = {
			isa = XCBuildConfiguration;
			buildSettings = {
				ALWAYS_SEARCH_USER_PATHS = NO;
				ARCHS = "$(ARCHS_STANDARD_INCLUDING_64_BIT)";
				CLANG_CXX_LANGUAGE_STANDARD = "gnu++0x";
				CLANG_CXX_LIBRARY = "libc++";
				CLANG_ENABLE_MODULES = YES;
				CLANG_ENABLE_OBJC_ARC = YES;
				CLANG_WARN_BOOL_CONVERSION = YES;
				CLANG_WARN_CONSTANT_CONVERSION = YES;
				CLANG_WARN_DIRECT_OBJC_ISA_USAGE = YES_ERROR;
				CLANG_WARN_EMPTY_BODY = YES;
				CLANG_WARN_ENUM_CONVERSION = YES;
				CLANG_WARN_INT_CONVERSION = YES;
				CLANG_WARN_OBJC_ROOT_CLASS = YES_ERROR;
				CLANG_WARN__DUPLICATE_METHOD_MATCH = YES;
				"CODE_SIGN_IDENTITY[sdk=iphoneos*]" = "iPhone Developer";
				COPY_PHASE_STRIP = YES;
				ENABLE_NS_ASSERTIONS = NO;
				GCC_C_LANGUAGE_STANDARD = gnu99;
				GCC_WARN_64_TO_32_BIT_CONVERSION = YES;
				GCC_WARN_ABOUT_RETURN_TYPE = YES_ERROR;
				GCC_WARN_UNDECLARED_SELECTOR = YES;
				GCC_WARN_UNINITIALIZED_AUTOS = YES;
				GCC_WARN_UNUSED_FUNCTION = YES;
				GCC_WARN_UNUSED_VARIABLE = YES;
				IPHONEOS_DEPLOYMENT_TARGET = 7.0;
				SDKROOT = iphoneos;
				TARGETED_DEVICE_FAMILY = "1,2";
				VALIDATE_PRODUCT = YES;
			};
			name = Release;
		};
		C36C5128189028190053A884 /* Debug */ = {
			isa = XCBuildConfiguration;
			baseConfigurationReference = DA450FC5E9904FF093E24AC1 /* Pods-Ovatemp.xcconfig */;
			buildSettings = {
				ASSETCATALOG_COMPILER_APPICON_NAME = AppIcon;
				ASSETCATALOG_COMPILER_LAUNCHIMAGE_NAME = LaunchImage;
				GCC_PRECOMPILE_PREFIX_HEADER = YES;
				GCC_PREFIX_HEADER = "Ovatemp/Ovatemp-Prefix.pch";
				INFOPLIST_FILE = "Ovatemp/Ovatemp-Info.plist";
				PRODUCT_NAME = "$(TARGET_NAME)";
				WRAPPER_EXTENSION = app;
			};
			name = Debug;
		};
		C36C5129189028190053A884 /* Release */ = {
			isa = XCBuildConfiguration;
			baseConfigurationReference = DA450FC5E9904FF093E24AC1 /* Pods-Ovatemp.xcconfig */;
			buildSettings = {
				ASSETCATALOG_COMPILER_APPICON_NAME = AppIcon;
				ASSETCATALOG_COMPILER_LAUNCHIMAGE_NAME = LaunchImage;
				GCC_PRECOMPILE_PREFIX_HEADER = YES;
				GCC_PREFIX_HEADER = "Ovatemp/Ovatemp-Prefix.pch";
				INFOPLIST_FILE = "Ovatemp/Ovatemp-Info.plist";
				PRODUCT_NAME = "$(TARGET_NAME)";
				WRAPPER_EXTENSION = app;
			};
			name = Release;
		};
		C3BF8FCE1898409C00572F43 /* Debug */ = {
			isa = XCBuildConfiguration;
			baseConfigurationReference = 803928D684F54DB4A5F86E42 /* Pods-OvatempTests.xcconfig */;
			buildSettings = {
				ARCHS = "$(ARCHS_STANDARD_INCLUDING_64_BIT)";
				BUNDLE_LOADER = "$(BUILT_PRODUCTS_DIR)/Ovatemp.app/Ovatemp";
				FRAMEWORK_SEARCH_PATHS = (
					"$(SDKROOT)/Developer/Library/Frameworks",
					"$(inherited)",
					"$(DEVELOPER_FRAMEWORKS_DIR)",
				);
				GCC_PRECOMPILE_PREFIX_HEADER = YES;
				GCC_PREFIX_HEADER = "OvatempTests/OvatempTests-Prefix.pch";
				GCC_PREPROCESSOR_DEFINITIONS = (
					"DEBUG=1",
					"$(inherited)",
				);
				INFOPLIST_FILE = "OvatempTests/OvatempTests-Info.plist";
				PRODUCT_NAME = "$(TARGET_NAME)";
				TEST_HOST = "$(BUNDLE_LOADER)";
				WRAPPER_EXTENSION = xctest;
			};
			name = Debug;
		};
		C3BF8FCF1898409C00572F43 /* Release */ = {
			isa = XCBuildConfiguration;
			baseConfigurationReference = 803928D684F54DB4A5F86E42 /* Pods-OvatempTests.xcconfig */;
			buildSettings = {
				ARCHS = "$(ARCHS_STANDARD_INCLUDING_64_BIT)";
				BUNDLE_LOADER = "$(BUILT_PRODUCTS_DIR)/Ovatemp.app/Ovatemp";
				FRAMEWORK_SEARCH_PATHS = (
					"$(SDKROOT)/Developer/Library/Frameworks",
					"$(inherited)",
					"$(DEVELOPER_FRAMEWORKS_DIR)",
				);
				GCC_PRECOMPILE_PREFIX_HEADER = YES;
				GCC_PREFIX_HEADER = "OvatempTests/OvatempTests-Prefix.pch";
				INFOPLIST_FILE = "OvatempTests/OvatempTests-Info.plist";
				PRODUCT_NAME = "$(TARGET_NAME)";
				TEST_HOST = "$(BUNDLE_LOADER)";
				WRAPPER_EXTENSION = xctest;
			};
			name = Release;
		};
/* End XCBuildConfiguration section */

/* Begin XCConfigurationList section */
		C36C50F6189028190053A884 /* Build configuration list for PBXProject "Ovatemp" */ = {
			isa = XCConfigurationList;
			buildConfigurations = (
				C36C5125189028190053A884 /* Debug */,
				C36C5126189028190053A884 /* Release */,
			);
			defaultConfigurationIsVisible = 0;
			defaultConfigurationName = Release;
		};
		C36C5127189028190053A884 /* Build configuration list for PBXNativeTarget "Ovatemp" */ = {
			isa = XCConfigurationList;
			buildConfigurations = (
				C36C5128189028190053A884 /* Debug */,
				C36C5129189028190053A884 /* Release */,
			);
			defaultConfigurationIsVisible = 0;
			defaultConfigurationName = Release;
		};
		C3BF8FCD1898409C00572F43 /* Build configuration list for PBXNativeTarget "OvatempTests" */ = {
			isa = XCConfigurationList;
			buildConfigurations = (
				C3BF8FCE1898409C00572F43 /* Debug */,
				C3BF8FCF1898409C00572F43 /* Release */,
			);
			defaultConfigurationIsVisible = 0;
			defaultConfigurationName = Release;
		};
/* End XCConfigurationList section */
	};
	rootObject = C36C50F3189028190053A884 /* Project object */;
}
